# @generated by Move, please check-in and do not edit manually.

[move]
version = 3
manifest_digest = "DE377D43FC1026F42E18DB64CF2CEA2C3F476977B8FFEFC5B76C89AEA91222BE"
deps_digest = "F8BBB0CCB2491CA29A3DF03D6F92277A4F3574266507ACD77214D37ECA3F3082"
dependencies = [
  { id = "Sui", name = "Sui" },
]

[[move.package]]
id = "MoveStdlib"
source = { git = "https://github.com/MystenLabs/sui.git", rev = "framework/testnet", subdir = "crates/sui-framework/packages/move-stdlib" }

[[move.package]]
id = "Sui"
source = { git = "https://github.com/MystenLabs/sui.git", rev = "framework/testnet", subdir = "crates/sui-framework/packages/sui-framework" }

dependencies = [
  { id = "MoveStdlib", name = "MoveStdlib" },
]

[move.toolchain-version]
compiler-version = "1.37.1"
edition = "2024.beta"
flavor = "sui"

[env]

[env.testnet]
chain-id = "4c78adac"
original-published-id = "0x5cedaba20a8c77383e3521cfd1a2da13c1d98aeee065bca504c6c4dd3924675a"
latest-published-id = "0x5cedaba20a8c77383e3521cfd1a2da13c1d98aeee065bca504c6c4dd3924675a"
published-version = "1"
