# Code generated by scarb DO NOT EDIT.
version = 1

[[package]]
name = "alexandria_bytes"
version = "0.7.0"
source = "registry+https://scarbs.xyz/"
checksum = "sha256:1ebc31b29ba196bd6ec70cfa487561f39a1ff9043f97319f302b2083e132284e"
dependencies = [
 "alexandria_data_structures",
 "alexandria_math",
]

[[package]]
name = "alexandria_data_structures"
version = "0.7.0"
source = "registry+https://scarbs.xyz/"
checksum = "sha256:7af20f90c16e71aa2d4b176d37b792eccf798e09b8c3ef370a68766f2db4824f"

[[package]]
name = "alexandria_encoding"
version = "0.7.0"
source = "registry+https://scarbs.xyz/"
checksum = "sha256:6effe1616f1b697d8f03979c936c948e76d20c2869aceecf980eab65a640117b"
dependencies = [
 "alexandria_bytes",
 "alexandria_data_structures",
 "alexandria_math",
 "alexandria_numeric",
]

[[package]]
name = "alexandria_evm"
version = "0.7.0"
source = "registry+https://scarbs.xyz/"
checksum = "sha256:b92fefb7811a324a651e9781acea748c8588afa69b50ef4fe19f068c2d8ab745"
dependencies = [
 "alexandria_bytes",
 "alexandria_math",
]

[[package]]
name = "alexandria_math"
version = "0.7.0"
source = "registry+https://scarbs.xyz/"
checksum = "sha256:2f634a878ad20377041649f0c63ffff8d7f01fe578e3666371dfb15d243b6822"

[[package]]
name = "alexandria_numeric"
version = "0.7.0"
source = "registry+https://scarbs.xyz/"
checksum = "sha256:4208af0eeabc7eabdc53c440a58fdaf2ce8ff08de4a38f5368a0c992fdad30e4"
dependencies = [
 "alexandria_math",
 "alexandria_searching",
]

[[package]]
name = "alexandria_searching"
version = "0.7.0"
source = "registry+https://scarbs.xyz/"
checksum = "sha256:05f3f305b142a0160e5686c364d947ee60ff685ad15985dbdba8cf5ca7f308cd"
dependencies = [
 "alexandria_data_structures",
]

[[package]]
name = "ibc"
version = "0.1.0"
dependencies = [
 "alexandria_bytes",
 "alexandria_encoding",
 "alexandria_evm",
]

[[package]]
name = "snforge_scarb_plugin"
version = "0.51.2"
source = "registry+https://scarbs.xyz/"
checksum = "sha256:7b94edb0a94b93915200275076c29ef8266f4b870ffda04360cf36bc3b5e67cc"

[[package]]
name = "snforge_std"
version = "0.51.2"
source = "registry+https://scarbs.xyz/"
checksum = "sha256:d7287b7e9c826ee560788a7a9b808a2a0454977ac4111bd3c1bcb3c7c5f01040"
dependencies = [
 "snforge_scarb_plugin",
]

[[package]]
name = "zkgm"
version = "0.1.0"
dependencies = [
 "ibc",
 "snforge_std",
]
