# @generated by Move, please check-in and do not edit manually.

[move]
version = 3
manifest_digest = "A47F471474E8DEC620FBE4959BE0A5965C3F09789547CF7C2DA5872215765CDB"
deps_digest = "F8BBB0CCB2491CA29A3DF03D6F92277A4F3574266507ACD77214D37ECA3F3082"
dependencies = [
  { id = "Sui", name = "Sui" },
]

[[move.package]]
id = "MoveStdlib"
source = { git = "https://github.com/MystenLabs/sui.git", rev = "framework/testnet", subdir = "crates/sui-framework/packages/move-stdlib" }

[[move.package]]
id = "Sui"
source = { git = "https://github.com/MystenLabs/sui.git", rev = "framework/testnet", subdir = "crates/sui-framework/packages/sui-framework" }

dependencies = [
  { id = "MoveStdlib", name = "MoveStdlib" },
]

[move.toolchain-version]
compiler-version = "1.48.2"
edition = "2024.beta"
flavor = "sui"

[env]

[env.testnet]
chain-id = "4c78adac"
original-published-id = "0x2c4a2f8fe8565c25add32544c6887dc6ee2b319f2f59bd0e59c56b43d5c51d47"
latest-published-id = "0x2c4a2f8fe8565c25add32544c6887dc6ee2b319f2f59bd0e59c56b43d5c51d47"
published-version = "1"

[env.localnet]
chain-id = "0495a464"
original-published-id = "0x5a4a3b63544b8807601fadc5f127e7cea4c29366e6a265d1a0ff03b1d283ad07"
latest-published-id = "0x5a4a3b63544b8807601fadc5f127e7cea4c29366e6a265d1a0ff03b1d283ad07"
published-version = "1"
