{
  "nodes": {
    "arion": {
      "inputs": {
        "flake-parts": "flake-parts",
        "haskell-flake": "haskell-flake",
        "nixpkgs": [
          "nixpkgs"
        ]
      },
      "locked": {
        "lastModified": 1682181677,
        "narHash": "sha256-El8WQ2ccxWwkSrjuwKNR0gD/O7vS/KLBY4Q2/nF8m1c=",
        "owner": "hercules-ci",
        "repo": "arion",
        "rev": "6a1f03329c400327b3b2e0ed5e1efff11037ba67",
        "type": "github"
      },
      "original": {
        "owner": "hercules-ci",
        "repo": "arion",
        "rev": "6a1f03329c400327b3b2e0ed5e1efff11037ba67",
        "type": "github"
      }
    },
    "biome": {
      "flake": false,
      "locked": {
        "lastModified": 1727789707,
        "narHash": "sha256-GZV8M/yUDMom6xvSvSfDRjcMGm+thiaTR3fggkBLmRE=",
        "owner": "biomejs",
        "repo": "biome",
        "rev": "d5034515f48f9052fe4c47a60d43f05ed7986105",
        "type": "github"
      },
      "original": {
        "owner": "biomejs",
        "ref": "cli/v1.9.3",
        "repo": "biome",
        "type": "github"
      }
    },
    "bls-eth-go": {
      "flake": false,
      "locked": {
        "lastModified": 1704351134,
        "narHash": "sha256-PpBs308170CHZt809QIdyy93D5x+5WTL7hlPytJrpXM=",
        "ref": "refs/tags/v1.33.0",
        "rev": "eb66a90ff51d7c982d668d6942e89815a8f7e323",
        "revCount": 335,
        "submodules": true,
        "type": "git",
        "url": "https://github.com/herumi/bls-eth-go-binary"
      },
      "original": {
        "ref": "refs/tags/v1.33.0",
        "submodules": true,
        "type": "git",
        "url": "https://github.com/herumi/bls-eth-go-binary"
      }
    },
    "blst": {
      "flake": false,
      "locked": {
        "lastModified": 1691598027,
        "narHash": "sha256-oqljy+ZXJAXEB/fJtmB8rlAr4UXM+Z2OkDa20gpILNA=",
        "owner": "supranational",
        "repo": "blst",
        "rev": "3dd0f804b1819e5d03fb22ca2e6fac105932043a",
        "type": "github"
      },
      "original": {
        "owner": "supranational",
        "repo": "blst",
        "rev": "3dd0f804b1819e5d03fb22ca2e6fac105932043a",
        "type": "github"
      }
    },
    "cometbls": {
      "flake": false,
      "locked": {
        "lastModified": 1728906696,
        "narHash": "sha256-gIcJ3ghSQE8LX8gRzSM16QsB3V4kpFNrnuwtZxFYjJs=",
        "owner": "unionlabs",
        "repo": "cometbft",
        "rev": "9ea090e8aeb8ddcbf4f7bb19464b3bc6fe261c1a",
        "type": "github"
      },
      "original": {
        "owner": "unionlabs",
        "repo": "cometbft",
        "rev": "9ea090e8aeb8ddcbf4f7bb19464b3bc6fe261c1a",
        "type": "github"
      }
    },
    "cosmosproto": {
      "flake": false,
      "locked": {
        "lastModified": 1713435259,
        "narHash": "sha256-vMq1+gMLgUdhClbz38+U3MIh9Wzw0DvyAMX6M4ZZBso=",
        "owner": "cosmos",
        "repo": "cosmos-proto",
        "rev": "0748a2ad4a5c78b1db6c8090db01e255bcc91365",
        "type": "github"
      },
      "original": {
        "owner": "cosmos",
        "repo": "cosmos-proto",
        "rev": "0748a2ad4a5c78b1db6c8090db01e255bcc91365",
        "type": "github"
      }
    },
    "cosmossdk": {
      "flake": false,
      "locked": {
        "lastModified": 1728727156,
        "narHash": "sha256-A1KEbchsG33KaNWqQXHLXjFL69GCF8U3WsR3Wf+y3L0=",
        "owner": "unionlabs",
        "repo": "cosmos-sdk-union",
        "rev": "552069d283f61c861d4686a195ba09bf1b230046",
        "type": "github"
      },
      "original": {
        "owner": "unionlabs",
        "repo": "cosmos-sdk-union",
        "rev": "552069d283f61c861d4686a195ba09bf1b230046",
        "type": "github"
      }
    },
    "cosmwasm-nfts": {
      "flake": false,
      "locked": {
        "lastModified": 1712337367,
        "narHash": "sha256-4mHJbIELGbHDdsrPu/cUsHqDb+j5O59AaIMHd4XtS2I=",
        "owner": "hussein-aitlahcen",
        "repo": "cw-nfts",
        "rev": "f2d7a07df63504ff8cbf0aad4140e56b3f5bfc3e",
        "type": "github"
      },
      "original": {
        "owner": "hussein-aitlahcen",
        "repo": "cw-nfts",
        "rev": "f2d7a07df63504ff8cbf0aad4140e56b3f5bfc3e",
        "type": "github"
      }
    },
    "crane": {
      "locked": {
        "lastModified": 1725409566,
        "narHash": "sha256-PrtLmqhM6UtJP7v7IGyzjBFhbG4eOAHT6LPYOFmYfbk=",
        "owner": "ipetkov",
        "repo": "crane",
        "rev": "7e4586bad4e3f8f97a9271def747cf58c4b68f3c",
        "type": "github"
      },
      "original": {
        "owner": "ipetkov",
        "repo": "crane",
        "type": "github"
      }
    },
    "env-utils": {
      "inputs": {
        "nixpkgs": [
          "nixpkgs"
        ]
      },
      "locked": {
        "lastModified": 1651360332,
        "narHash": "sha256-jASdfxvtzJ8p1QBSx4f8j4KvhQvOxzO/6L8/EYNwkLY=",
        "owner": "oceanlewis",
        "repo": "env-utils",
        "rev": "471bd5f000d7d68c6376b74e82822dd0ea761b4a",
        "type": "github"
      },
      "original": {
        "owner": "oceanlewis",
        "repo": "env-utils",
        "type": "github"
      }
    },
    "ethereum-consensus-specs": {
      "flake": false,
      "locked": {
        "lastModified": 1712638258,
        "narHash": "sha256-yzjxOWyYwsExeI+xe2Mmj2sHApzhDXwBhTnFywGRYhQ=",
        "type": "tarball",
        "url": "https://github.com/ethereum/consensus-spec-tests/releases/download/v1.4.0/general.tar.gz"
      },
      "original": {
        "type": "tarball",
        "url": "https://github.com/ethereum/consensus-spec-tests/releases/download/v1.4.0/general.tar.gz"
      }
    },
    "flake-parts": {
      "inputs": {
        "nixpkgs-lib": [
          "arion",
          "nixpkgs"
        ]
      },
      "locked": {
        "lastModified": 1675933616,
        "narHash": "sha256-/rczJkJHtx16IFxMmAWu5nNYcSXNg1YYXTHoGjLrLUA=",
        "owner": "hercules-ci",
        "repo": "flake-parts",
        "rev": "47478a4a003e745402acf63be7f9a092d51b83d7",
        "type": "github"
      },
      "original": {
        "owner": "hercules-ci",
        "repo": "flake-parts",
        "type": "github"
      }
    },
    "flake-parts_2": {
      "inputs": {
        "nixpkgs-lib": [
          "nixpkgs"
        ]
      },
      "locked": {
        "lastModified": 1706830856,
        "narHash": "sha256-a0NYyp+h9hlb7ddVz4LUn1vT/PLwqfrWYcHMvFB1xYg=",
        "owner": "hercules-ci",
        "repo": "flake-parts",
        "rev": "b253292d9c0a5ead9bc98c4e9a26c6312e27d69f",
        "type": "github"
      },
      "original": {
        "owner": "hercules-ci",
        "repo": "flake-parts",
        "type": "github"
      }
    },
    "flake-utils": {
      "locked": {
        "lastModified": 1644229661,
        "narHash": "sha256-1YdnJAsNy69bpcjuoKdOYQX0YxZBiCYZo4Twxerqv7k=",
        "owner": "numtide",
        "repo": "flake-utils",
        "rev": "3cecb5b042f7f209c56ffd8371b2711a290ec797",
        "type": "github"
      },
      "original": {
        "owner": "numtide",
        "repo": "flake-utils",
        "type": "github"
      }
    },
    "flake-utils_2": {
      "locked": {
        "lastModified": 1659877975,
        "narHash": "sha256-zllb8aq3YO3h8B/U0/J1WBgAL8EX5yWf5pMj3G0NAmc=",
        "owner": "numtide",
        "repo": "flake-utils",
        "rev": "c0e246b9b83f637f4681389ecabcb2681b4f3af0",
        "type": "github"
      },
      "original": {
        "owner": "numtide",
        "repo": "flake-utils",
        "type": "github"
      }
    },
    "flake-utils_3": {
      "inputs": {
        "systems": "systems"
      },
      "locked": {
        "lastModified": 1726560853,
        "narHash": "sha256-X6rJYSESBVr3hBoH0WbKE5KvhPU5bloyZ2L4K60/fPQ=",
        "owner": "numtide",
        "repo": "flake-utils",
        "rev": "c1dfcf08411b08f6b8615f7d8971a2bfa81d5e8a",
        "type": "github"
      },
      "original": {
        "owner": "numtide",
        "repo": "flake-utils",
        "type": "github"
      }
    },
    "foundry": {
      "inputs": {
        "flake-utils": "flake-utils",
        "nixpkgs": [
          "nixpkgs"
        ]
      },
      "locked": {
        "lastModified": 1727687420,
        "narHash": "sha256-MD/Fm3KhENvuMP0oR+aGuH7th21DIAxp8yKIQUbFfEk=",
        "owner": "shazow",
        "repo": "foundry.nix",
        "rev": "5cec83883f18b0cde2ffa8977d3540fe707a84cd",
        "type": "github"
      },
      "original": {
        "owner": "shazow",
        "ref": "main",
        "repo": "foundry.nix",
        "type": "github"
      }
    },
    "get-flake": {
      "locked": {
        "lastModified": 1694475786,
        "narHash": "sha256-s5wDmPooMUNIAAsxxCMMh9g68AueGg63DYk2hVZJbc8=",
        "owner": "ursi",
        "repo": "get-flake",
        "rev": "ac54750e3b95dab6ec0726d77f440efe6045bec1",
        "type": "github"
      },
      "original": {
        "owner": "ursi",
        "repo": "get-flake",
        "type": "github"
      }
    },
    "gogoproto": {
      "flake": false,
      "locked": {
        "lastModified": 1680165077,
        "narHash": "sha256-oaGwDFbz/xgL7hDtvdh/mIcRIGBdp+/xuKeuBE2ZpqY=",
        "owner": "cosmos",
        "repo": "gogoproto",
        "rev": "b12c8cae0624d2518ab995c775410694dfa5d50e",
        "type": "github"
      },
      "original": {
        "owner": "cosmos",
        "repo": "gogoproto",
        "rev": "b12c8cae0624d2518ab995c775410694dfa5d50e",
        "type": "github"
      }
    },
    "googleapis": {
      "flake": false,
      "locked": {
        "lastModified": 1681506972,
        "narHash": "sha256-TME4wkdmqrb0Shuc5uFqSGSoDaMhM9YJv9kvTam7c9I=",
        "owner": "googleapis",
        "repo": "googleapis",
        "rev": "6774ccbbc3f182f6ae3a32dca29e1da489ad8a8f",
        "type": "github"
      },
      "original": {
        "owner": "googleapis",
        "repo": "googleapis",
        "rev": "6774ccbbc3f182f6ae3a32dca29e1da489ad8a8f",
        "type": "github"
      }
    },
    "haskell-flake": {
      "locked": {
        "lastModified": 1675296942,
        "narHash": "sha256-u1X1sblozi5qYEcLp1hxcyo8FfDHnRUVX3dJ/tW19jY=",
        "owner": "srid",
        "repo": "haskell-flake",
        "rev": "c2cafce9d57bfca41794dc3b99c593155006c71e",
        "type": "github"
      },
      "original": {
        "owner": "srid",
        "ref": "0.1.0",
        "repo": "haskell-flake",
        "type": "github"
      }
    },
    "ibc-go": {
      "flake": false,
      "locked": {
        "lastModified": 1729132086,
        "narHash": "sha256-OF2QFcEwDTVbYO2DcUdyzi504JglKge14lF71ozqCgQ=",
        "owner": "unionlabs",
        "repo": "ibc-go-union",
        "rev": "4fbe0649cdf00d58090909bc4dfe5a7be32b013e",
        "type": "github"
      },
      "original": {
        "owner": "unionlabs",
        "repo": "ibc-go-union",
        "rev": "4fbe0649cdf00d58090909bc4dfe5a7be32b013e",
        "type": "github"
      }
    },
    "ics23": {
      "flake": false,
      "locked": {
        "lastModified": 1707811886,
        "narHash": "sha256-L/7FNPZ7cCTH2KPqeIECDVq6cHPcFi4BvQzqyt7w1EE=",
        "owner": "cosmos",
        "repo": "ics23",
        "rev": "4cf4d617a88b37323ff6ad4fa808c983fa04e4ca",
        "type": "github"
      },
      "original": {
        "owner": "cosmos",
        "repo": "ics23",
        "type": "github"
      }
    },
    "nix-filter": {
      "locked": {
        "lastModified": 1705332318,
        "narHash": "sha256-kcw1yFeJe9N4PjQji9ZeX47jg0p9A0DuU4djKvg1a7I=",
        "owner": "numtide",
        "repo": "nix-filter",
        "rev": "3449dc925982ad46246cfc36469baf66e1b64f17",
        "type": "github"
      },
      "original": {
        "owner": "numtide",
        "repo": "nix-filter",
        "rev": "3449dc925982ad46246cfc36469baf66e1b64f17",
        "type": "github"
      }
    },
    "nixpkgs": {
      "locked": {
        "lastModified": 1686501370,
        "narHash": "sha256-G0WuM9fqTPRc2URKP9Lgi5nhZMqsfHGrdEbrLvAPJcg=",
        "owner": "NixOS",
        "repo": "nixpkgs",
        "rev": "75a5ebf473cd60148ba9aec0d219f72e5cf52519",
        "type": "github"
      },
      "original": {
        "owner": "NixOS",
        "repo": "nixpkgs",
        "rev": "75a5ebf473cd60148ba9aec0d219f72e5cf52519",
        "type": "github"
      }
    },
    "nixpkgs-go": {
      "locked": {
        "lastModified": 1728492678,
        "narHash": "sha256-9UTxR8eukdg+XZeHgxW5hQA9fIKHsKCdOIUycTryeVw=",
        "owner": "NixOS",
        "repo": "nixpkgs",
        "rev": "5633bcff0c6162b9e4b5f1264264611e950c8ec7",
        "type": "github"
      },
      "original": {
        "owner": "NixOS",
        "ref": "nixos-unstable",
        "repo": "nixpkgs",
        "type": "github"
      }
    },
    "nixpkgs-lnav": {
      "locked": {
        "lastModified": 1713467351,
        "narHash": "sha256-9n7OPwpn6Xsj2bUYQJuwLeu9Q/OQwBrBvp5r4a/uTxI=",
        "owner": "cor",
        "repo": "nixpkgs",
        "rev": "f9eb8b6e68cf4eb7336a1d929fabaccd08aa2db9",
        "type": "github"
      },
      "original": {
        "owner": "cor",
        "ref": "lnav-v0.12.2-beta",
        "repo": "nixpkgs",
        "type": "github"
      }
    },
    "nixpkgs-solc": {
      "locked": {
        "lastModified": 1707268954,
        "narHash": "sha256-2en1kvde3cJVc3ZnTy8QeD2oKcseLFjYPLKhIGDanQ0=",
        "owner": "NixOS",
        "repo": "nixpkgs",
        "rev": "f8e2ebd66d097614d51a56a755450d4ae1632df1",
        "type": "github"
      },
      "original": {
        "owner": "NixOS",
        "ref": "nixos-unstable",
        "repo": "nixpkgs",
        "type": "github"
      }
    },
    "nixpkgs-unstable": {
      "locked": {
        "lastModified": 1726937504,
        "narHash": "sha256-bvGoiQBvponpZh8ClUcmJ6QnsNKw0EMrCQJARK3bI1c=",
        "owner": "NixOS",
        "repo": "nixpkgs",
        "rev": "9357f4f23713673f310988025d9dc261c20e70c6",
        "type": "github"
      },
      "original": {
        "owner": "NixOS",
        "ref": "nixos-unstable",
        "repo": "nixpkgs",
        "type": "github"
      }
    },
    "nixpkgs_2": {
      "locked": {
        "lastModified": 1701985094,
        "narHash": "sha256-SrEEAeDvsdehVrvoq47pGFZ+p/QbUcTovL84S7tn6Sk=",
        "owner": "NixOS",
        "repo": "nixpkgs",
        "rev": "a24421da00be9ebfdade97135db98a1fac5173d4",
        "type": "github"
      },
      "original": {
        "owner": "NixOS",
        "ref": "release-23.11",
        "repo": "nixpkgs",
        "type": "github"
      }
    },
    "nixpkgs_3": {
      "locked": {
        "lastModified": 1726481836,
        "narHash": "sha256-MWTBH4dd5zIz2iatDb8IkqSjIeFum9jAqkFxgHLdzO4=",
        "owner": "nixos",
        "repo": "nixpkgs",
        "rev": "20f9370d5f588fb8c72e844c54511cab054b5f40",
        "type": "github"
      },
      "original": {
        "owner": "nixos",
        "ref": "nixpkgs-unstable",
        "repo": "nixpkgs",
        "type": "github"
      }
    },
    "osmosis": {
      "flake": false,
      "locked": {
        "lastModified": 1712018893,
        "narHash": "sha256-u/1/aMEPt78is4G7/pkjttDLb1IGw3jMP2MW518lLkM=",
        "owner": "osmosis-labs",
        "repo": "osmosis",
        "rev": "7892e2f9e9528bc547c54db2b43cd01eda6a9bc4",
        "type": "github"
      },
      "original": {
        "owner": "osmosis-labs",
        "ref": "v24.0.0-rc0",
        "repo": "osmosis",
        "type": "github"
      }
    },
    "process-compose": {
      "inputs": {
        "flake-utils": "flake-utils_2",
        "nixpkgs": "nixpkgs_2"
      },
      "locked": {
        "lastModified": 1712440905,
        "narHash": "sha256-r3BRB7X1G4fvBhlb2VCxjP7tmHDUkH/y8oS4zFdqPX8=",
        "owner": "F1bonacc1",
        "repo": "process-compose",
        "rev": "5a7b83ed8a0f6be58efa9e4940ff41517892eca2",
        "type": "github"
      },
      "original": {
        "owner": "F1bonacc1",
        "repo": "process-compose",
        "type": "github"
      }
    },
    "public-awesome-launchpad": {
      "flake": false,
      "locked": {
        "lastModified": 1712246273,
        "narHash": "sha256-3LosNwpnJPf51Rq3trcMOk8FfVnzPflODOIAd+BGYqU=",
        "owner": "public-awesome",
        "repo": "launchpad",
        "rev": "a14454cd2ee914af5ce10cd4cc94a9b6bfe660f6",
        "type": "github"
      },
      "original": {
        "owner": "public-awesome",
        "repo": "launchpad",
        "rev": "a14454cd2ee914af5ce10cd4cc94a9b6bfe660f6",
        "type": "github"
      }
    },
    "root": {
      "inputs": {
        "arion": "arion",
        "biome": "biome",
        "bls-eth-go": "bls-eth-go",
        "blst": "blst",
        "cometbls": "cometbls",
        "cosmosproto": "cosmosproto",
        "cosmossdk": "cosmossdk",
        "cosmwasm-nfts": "cosmwasm-nfts",
        "crane": "crane",
        "env-utils": "env-utils",
        "ethereum-consensus-specs": "ethereum-consensus-specs",
        "flake-parts": "flake-parts_2",
        "foundry": "foundry",
        "get-flake": "get-flake",
        "gogoproto": "gogoproto",
        "googleapis": "googleapis",
        "ibc-go": "ibc-go",
        "ics23": "ics23",
        "nix-filter": "nix-filter",
        "nixpkgs": "nixpkgs",
        "nixpkgs-go": "nixpkgs-go",
        "nixpkgs-lnav": "nixpkgs-lnav",
        "nixpkgs-solc": "nixpkgs-solc",
        "nixpkgs-unstable": "nixpkgs-unstable",
        "osmosis": "osmosis",
        "process-compose": "process-compose",
        "public-awesome-launchpad": "public-awesome-launchpad",
        "rust-overlay": "rust-overlay",
        "solc": "solc",
        "stargaze": "stargaze",
        "treefmt-nix": "treefmt-nix",
        "v0_21_0": "v0_21_0",
        "v0_22_0": "v0_22_0",
        "v0_23_0": "v0_23_0",
        "v0_24_0": "v0_24_0",
        "wasmd": "wasmd",
        "wasmvm": "wasmvm",
        "wasmvm-1_5_0": "wasmvm-1_5_0",
        "wasmvm-2_0_1": "wasmvm-2_0_1",
        "wasmvm-2_1_3": "wasmvm-2_1_3"
      }
    },
    "rust-overlay": {
      "inputs": {
        "nixpkgs": [
          "nixpkgs"
        ]
      },
      "locked": {
        "lastModified": 1726539203,
        "narHash": "sha256-u1tAteb4qkH2gGjDY3mN/4Qxa6y798t4G0jNKDyTwv8=",
        "owner": "oxalica",
        "repo": "rust-overlay",
        "rev": "20c8461785d8f5af32d8d4d5c128589e23d7f033",
        "type": "github"
      },
      "original": {
        "owner": "oxalica",
        "repo": "rust-overlay",
        "type": "github"
      }
    },
    "solc": {
      "inputs": {
        "flake-utils": "flake-utils_3",
        "nixpkgs": [
          "nixpkgs"
        ],
        "solc-macos-amd64-list-json": "solc-macos-amd64-list-json"
      },
      "locked": {
        "lastModified": 1726574604,
        "narHash": "sha256-hLavSA2ocHt1Hms4D3kkk0UPQukD0xGplwB5pzaCamQ=",
        "owner": "hellwolf",
        "repo": "solc.nix",
        "rev": "e035e0c181b176fe3868bd80099bb803d14c0c7f",
        "type": "github"
      },
      "original": {
        "owner": "hellwolf",
        "repo": "solc.nix",
        "type": "github"
      }
    },
    "solc-macos-amd64-list-json": {
      "flake": false,
      "locked": {
        "narHash": "sha256-QHhvfpfSeHvDW7zQ/5Dgp9V1T/Mu7BFxPAGGfkiaqxc=",
        "type": "file",
        "url": "https://github.com/ethereum/solc-bin/raw/a2346e2/macosx-amd64/list.json"
      },
      "original": {
        "type": "file",
        "url": "https://github.com/ethereum/solc-bin/raw/a2346e2/macosx-amd64/list.json"
      }
    },
    "stargaze": {
      "flake": false,
      "locked": {
        "lastModified": 1712533498,
        "narHash": "sha256-lt5+KTTieUbel6cBPeyXAVTPYj2u8WWCN3NCBt2lU/0=",
        "ref": "main",
        "rev": "2f2d5332d152d5cd7d89860962017584670d9d1e",
        "revCount": 1569,
        "submodules": true,
        "type": "git",
        "url": "https://github.com/public-awesome/stargaze"
      },
      "original": {
        "ref": "main",
        "submodules": true,
        "type": "git",
        "url": "https://github.com/public-awesome/stargaze"
      }
    },
    "systems": {
      "locked": {
        "lastModified": 1681028828,
        "narHash": "sha256-Vy1rq5AaRuLzOxct8nz4T6wlgyUR7zLU309k9mBC768=",
        "owner": "nix-systems",
        "repo": "default",
        "rev": "da67096a3b9bf56a91d16901293e51ba5b49a27e",
        "type": "github"
      },
      "original": {
        "owner": "nix-systems",
        "repo": "default",
        "type": "github"
      }
    },
    "treefmt-nix": {
      "inputs": {
        "nixpkgs": "nixpkgs_3"
      },
      "locked": {
        "lastModified": 1727098951,
        "narHash": "sha256-gplorAc0ISAUPemUNOnRUs7jr3WiLiHZb3DJh++IkZs=",
        "owner": "numtide",
        "repo": "treefmt-nix",
        "rev": "35dfece10c642eb52928a48bee7ac06a59f93e9a",
        "type": "github"
      },
      "original": {
        "owner": "numtide",
        "repo": "treefmt-nix",
        "type": "github"
      }
    },
    "v0_21_0": {
      "flake": false,
      "locked": {
        "lastModified": 1712846288,
        "narHash": "sha256-LCgcWeCvvAUhF9t4pIuDLDJvViTHePHkdfjVajnVXNg=",
        "owner": "unionlabs",
        "repo": "union",
        "rev": "5f00012ec8fd88639368a121ff5261b0c6b5fb32",
        "type": "github"
      },
      "original": {
        "owner": "unionlabs",
        "ref": "release-v0.21.0",
        "repo": "union",
        "type": "github"
      }
    },
    "v0_22_0": {
      "flake": false,
      "locked": {
        "lastModified": 1713888281,
        "narHash": "sha256-HoPmrSgHynY5yEj9JIVluK1kYjvLRACfulh/jNYfPHA=",
        "owner": "unionlabs",
        "repo": "union",
        "rev": "d3cc9edca187fdf859062c79e00c68c745d546af",
        "type": "github"
      },
      "original": {
        "owner": "unionlabs",
        "ref": "release-v0.22.0",
        "repo": "union",
        "type": "github"
      }
    },
    "v0_23_0": {
      "flake": false,
      "locked": {
        "lastModified": 1717657935,
        "narHash": "sha256-zZp1XWomY9tCNbLWn8Axr+RWqh7kR8rZv4FAzpQ6GYM=",
        "owner": "unionlabs",
        "repo": "union",
        "rev": "17f905375f981c7d4365f915e6e7f610fd671352",
        "type": "github"
      },
      "original": {
        "owner": "unionlabs",
        "ref": "release-v0.23.0",
        "repo": "union",
        "type": "github"
      }
    },
    "v0_24_0": {
      "flake": false,
      "locked": {
        "lastModified": 1718015443,
        "narHash": "sha256-Ff1les02MMDMglUsduDYWw4PtUrH8wUiewtgVMZtyyE=",
        "owner": "unionlabs",
        "repo": "union",
        "rev": "6fcc890bb0400ef02e21b756aa8d10eeb890c6e2",
        "type": "github"
      },
      "original": {
        "owner": "unionlabs",
        "ref": "release-v0.24.0",
        "repo": "union",
        "type": "github"
      }
    },
    "wasmd": {
      "flake": false,
      "locked": {
        "lastModified": 1728922955,
        "narHash": "sha256-O4/GgrzZw4GDD1j8GwHXIEKrRjCa8+rrUTY9V3uvN5A=",
        "owner": "unionlabs",
        "repo": "wasmd",
        "rev": "cc7764ecf9b95e7e251ecd5d4262abb4520f1556",
        "type": "github"
      },
      "original": {
        "owner": "unionlabs",
        "repo": "wasmd",
        "rev": "cc7764ecf9b95e7e251ecd5d4262abb4520f1556",
        "type": "github"
      }
    },
    "wasmvm": {
      "flake": false,
      "locked": {
        "lastModified": 1705576719,
        "narHash": "sha256-3KJq5jFllFSqlm85/iRWYMhu99iuokvR3Ib9Gq3gIjc=",
        "owner": "CosmWasm",
        "repo": "wasmvm",
        "rev": "b742b2623cce98f04ae5d8bfb488c73988f3dd61",
        "type": "github"
      },
      "original": {
        "owner": "CosmWasm",
        "ref": "v1.5.2",
        "repo": "wasmvm",
        "type": "github"
      }
    },
    "wasmvm-1_5_0": {
      "flake": false,
      "locked": {
        "lastModified": 1698746477,
        "narHash": "sha256-l0cNF0YjviEl/JLJ4VdvDtIGuAYyFfncVo83ROfQFD8=",
        "owner": "CosmWasm",
        "repo": "wasmvm",
        "rev": "2041b184c146f278157d195361bc6cc6b56cc9d4",
        "type": "github"
      },
      "original": {
        "owner": "CosmWasm",
        "ref": "v1.5.0",
        "repo": "wasmvm",
        "type": "github"
      }
    },
    "wasmvm-2_0_1": {
      "flake": false,
      "locked": {
        "lastModified": 1712246240,
        "narHash": "sha256-LOL8ajolHk85burLvXAMJJBNd3Z/ZYjTbzAQGSZ5luI=",
        "owner": "CosmWasm",
        "repo": "wasmvm",
        "rev": "b003a330ddfd7687a5ca80e639dde09b56cf4221",
        "type": "github"
      },
      "original": {
        "owner": "CosmWasm",
        "ref": "v2.0.1",
        "repo": "wasmvm",
        "type": "github"
      }
    },
    "wasmvm-2_1_3": {
      "flake": false,
      "locked": {
        "lastModified": 1727089467,
        "narHash": "sha256-gYrK2EHhXnearJgLX38O6NLI6TfoGtpzA9be/7S/0ZU=",
        "owner": "CosmWasm",
        "repo": "wasmvm",
        "rev": "2a104d140a5b2974dab7c15044da652769018cbe",
        "type": "github"
      },
      "original": {
        "owner": "CosmWasm",
        "ref": "v2.1.3",
        "repo": "wasmvm",
        "type": "github"
      }
    }
  },
  "root": "root",
  "version": 7
}
