{
  "nodes": {
    "arion": {
      "inputs": {
        "flake-parts": "flake-parts",
        "haskell-flake": "haskell-flake",
        "nixpkgs": [
          "nixpkgs"
        ]
      },
      "locked": {
        "lastModified": 1682181677,
        "narHash": "sha256-El8WQ2ccxWwkSrjuwKNR0gD/O7vS/KLBY4Q2/nF8m1c=",
        "owner": "hercules-ci",
        "repo": "arion",
        "rev": "6a1f03329c400327b3b2e0ed5e1efff11037ba67",
        "type": "github"
      },
      "original": {
        "owner": "hercules-ci",
        "repo": "arion",
        "rev": "6a1f03329c400327b3b2e0ed5e1efff11037ba67",
        "type": "github"
      }
    },
    "biome": {
      "flake": false,
      "locked": {
        "lastModified": 1713182818,
        "narHash": "sha256-ixPPPPQZ/MRqtCcv9hsP/DCTt+7k91CyCe/VDL5u9Yo=",
        "owner": "biomejs",
        "repo": "biome",
        "rev": "2dce6af835cc9339669b09f3a758de36a90b15f7",
        "type": "github"
      },
      "original": {
        "owner": "biomejs",
        "ref": "cli/v1.7.0",
        "repo": "biome",
        "type": "github"
      }
    },
    "bls-eth-go": {
      "flake": false,
      "locked": {
        "lastModified": 1704351134,
        "narHash": "sha256-PpBs308170CHZt809QIdyy93D5x+5WTL7hlPytJrpXM=",
        "ref": "refs/tags/v1.33.0",
        "rev": "eb66a90ff51d7c982d668d6942e89815a8f7e323",
        "revCount": 335,
        "submodules": true,
        "type": "git",
        "url": "https://github.com/herumi/bls-eth-go-binary"
      },
      "original": {
        "ref": "refs/tags/v1.33.0",
        "submodules": true,
        "type": "git",
        "url": "https://github.com/herumi/bls-eth-go-binary"
      }
    },
    "blst": {
      "flake": false,
      "locked": {
        "lastModified": 1691598027,
        "narHash": "sha256-oqljy+ZXJAXEB/fJtmB8rlAr4UXM+Z2OkDa20gpILNA=",
        "owner": "supranational",
        "repo": "blst",
        "rev": "3dd0f804b1819e5d03fb22ca2e6fac105932043a",
        "type": "github"
      },
      "original": {
        "owner": "supranational",
        "repo": "blst",
        "rev": "3dd0f804b1819e5d03fb22ca2e6fac105932043a",
        "type": "github"
      }
    },
    "cometbls": {
      "flake": false,
      "locked": {
        "lastModified": 1706545041,
        "narHash": "sha256-qX37SK6d2kEgnHg5a8YDZQNhb5R+GcK7gp7iDTZGYgg=",
        "ref": "refs/heads/cometbls-v0.38+tm-light-client",
        "rev": "360766577f7daa89f958a4c28eee909340eb4b02",
        "revCount": 9452,
        "type": "git",
        "url": "ssh://git@github.com/unionlabs/cometbls"
      },
      "original": {
        "rev": "360766577f7daa89f958a4c28eee909340eb4b02",
        "type": "git",
        "url": "ssh://git@github.com/unionlabs/cometbls"
      }
    },
    "cosmosproto": {
      "flake": false,
      "locked": {
        "lastModified": 1678351217,
        "narHash": "sha256-kFm1ChSmm5pU9oJqKmWq4KfO/hxgxzvcSzr66oTulos=",
        "owner": "cosmos",
        "repo": "cosmos-proto",
        "rev": "78e33f25b874e7639f540037599d8ea1d161a62c",
        "type": "github"
      },
      "original": {
        "owner": "cosmos",
        "repo": "cosmos-proto",
        "rev": "78e33f25b874e7639f540037599d8ea1d161a62c",
        "type": "github"
      }
    },
    "cosmossdk": {
      "flake": false,
      "locked": {
        "lastModified": 1711746382,
        "narHash": "sha256-lxIrlLML6DItlUCMezzQ8FwysgaH1tF/d6+jCcmNm54=",
        "ref": "refs/heads/v0.50.5-bn254",
        "rev": "7d067955f7028f45b3ce205b5c35aab2e1946b19",
        "revCount": 11761,
        "type": "git",
        "url": "ssh://git@github.com/unionlabs/cosmos-sdk"
      },
      "original": {
        "rev": "7d067955f7028f45b3ce205b5c35aab2e1946b19",
        "type": "git",
        "url": "ssh://git@github.com/unionlabs/cosmos-sdk"
      }
    },
    "cosmwasm-nfts": {
      "flake": false,
      "locked": {
        "lastModified": 1712337367,
        "narHash": "sha256-4mHJbIELGbHDdsrPu/cUsHqDb+j5O59AaIMHd4XtS2I=",
        "owner": "hussein-aitlahcen",
        "repo": "cw-nfts",
        "rev": "f2d7a07df63504ff8cbf0aad4140e56b3f5bfc3e",
        "type": "github"
      },
      "original": {
        "owner": "hussein-aitlahcen",
        "repo": "cw-nfts",
        "rev": "f2d7a07df63504ff8cbf0aad4140e56b3f5bfc3e",
        "type": "github"
      }
    },
    "crane": {
      "inputs": {
        "nixpkgs": "nixpkgs"
      },
      "locked": {
        "lastModified": 1713979152,
        "narHash": "sha256-apdecPuh8SOQnkEET/kW/UcfjCRb8JbV5BKjoH+DcP4=",
        "owner": "ipetkov",
        "repo": "crane",
        "rev": "a5eca68a2cf11adb32787fc141cddd29ac8eb79c",
        "type": "github"
      },
      "original": {
        "owner": "ipetkov",
        "repo": "crane",
        "type": "github"
      }
    },
    "env-utils": {
      "inputs": {
        "nixpkgs": [
          "nixpkgs"
        ]
      },
      "locked": {
        "lastModified": 1651360332,
        "narHash": "sha256-jASdfxvtzJ8p1QBSx4f8j4KvhQvOxzO/6L8/EYNwkLY=",
        "owner": "oceanlewis",
        "repo": "env-utils",
        "rev": "471bd5f000d7d68c6376b74e82822dd0ea761b4a",
        "type": "github"
      },
      "original": {
        "owner": "oceanlewis",
        "repo": "env-utils",
        "type": "github"
      }
    },
    "ethereum-consensus-specs": {
      "flake": false,
      "locked": {
        "lastModified": 1712638258,
        "narHash": "sha256-yzjxOWyYwsExeI+xe2Mmj2sHApzhDXwBhTnFywGRYhQ=",
        "type": "tarball",
        "url": "https://github.com/ethereum/consensus-spec-tests/releases/download/v1.4.0/general.tar.gz"
      },
      "original": {
        "type": "tarball",
        "url": "https://github.com/ethereum/consensus-spec-tests/releases/download/v1.4.0/general.tar.gz"
      }
    },
    "flake-parts": {
      "inputs": {
        "nixpkgs-lib": [
          "arion",
          "nixpkgs"
        ]
      },
      "locked": {
        "lastModified": 1675933616,
        "narHash": "sha256-/rczJkJHtx16IFxMmAWu5nNYcSXNg1YYXTHoGjLrLUA=",
        "owner": "hercules-ci",
        "repo": "flake-parts",
        "rev": "47478a4a003e745402acf63be7f9a092d51b83d7",
        "type": "github"
      },
      "original": {
        "owner": "hercules-ci",
        "repo": "flake-parts",
        "type": "github"
      }
    },
    "flake-parts_2": {
      "inputs": {
        "nixpkgs-lib": [
          "nixpkgs"
        ]
      },
      "locked": {
        "lastModified": 1706830856,
        "narHash": "sha256-a0NYyp+h9hlb7ddVz4LUn1vT/PLwqfrWYcHMvFB1xYg=",
        "owner": "hercules-ci",
        "repo": "flake-parts",
        "rev": "b253292d9c0a5ead9bc98c4e9a26c6312e27d69f",
        "type": "github"
      },
      "original": {
        "owner": "hercules-ci",
        "repo": "flake-parts",
        "type": "github"
      }
    },
    "flake-utils": {
      "locked": {
        "lastModified": 1644229661,
        "narHash": "sha256-1YdnJAsNy69bpcjuoKdOYQX0YxZBiCYZo4Twxerqv7k=",
        "owner": "numtide",
        "repo": "flake-utils",
        "rev": "3cecb5b042f7f209c56ffd8371b2711a290ec797",
        "type": "github"
      },
      "original": {
        "owner": "numtide",
        "repo": "flake-utils",
        "type": "github"
      }
    },
    "flake-utils_2": {
      "locked": {
        "lastModified": 1659877975,
        "narHash": "sha256-zllb8aq3YO3h8B/U0/J1WBgAL8EX5yWf5pMj3G0NAmc=",
        "owner": "numtide",
        "repo": "flake-utils",
        "rev": "c0e246b9b83f637f4681389ecabcb2681b4f3af0",
        "type": "github"
      },
      "original": {
        "owner": "numtide",
        "repo": "flake-utils",
        "type": "github"
      }
    },
    "flake-utils_3": {
      "inputs": {
        "systems": "systems"
      },
      "locked": {
        "lastModified": 1705309234,
        "narHash": "sha256-uNRRNRKmJyCRC/8y1RqBkqWBLM034y4qN7EprSdmgyA=",
        "owner": "numtide",
        "repo": "flake-utils",
        "rev": "1ef2e671c3b0c19053962c07dbda38332dcebf26",
        "type": "github"
      },
      "original": {
        "owner": "numtide",
        "repo": "flake-utils",
        "type": "github"
      }
    },
    "foundry": {
      "inputs": {
        "flake-utils": "flake-utils",
        "nixpkgs": [
          "nixpkgs"
        ]
      },
      "locked": {
        "lastModified": 1712135466,
        "narHash": "sha256-+xFfYk17EI0zZTGmhh3MyeSpl7RVohoVp/4HaSvGj4I=",
        "owner": "shazow",
        "repo": "foundry.nix",
        "rev": "ece7c960a440c6725a7a5576d1f49a5fabde3747",
        "type": "github"
      },
      "original": {
        "owner": "shazow",
        "ref": "monthly",
        "repo": "foundry.nix",
        "type": "github"
      }
    },
    "get-flake": {
      "locked": {
        "lastModified": 1694475786,
        "narHash": "sha256-s5wDmPooMUNIAAsxxCMMh9g68AueGg63DYk2hVZJbc8=",
        "owner": "ursi",
        "repo": "get-flake",
        "rev": "ac54750e3b95dab6ec0726d77f440efe6045bec1",
        "type": "github"
      },
      "original": {
        "owner": "ursi",
        "repo": "get-flake",
        "type": "github"
      }
    },
    "gogoproto": {
      "flake": false,
      "locked": {
        "lastModified": 1680165077,
        "narHash": "sha256-oaGwDFbz/xgL7hDtvdh/mIcRIGBdp+/xuKeuBE2ZpqY=",
        "owner": "cosmos",
        "repo": "gogoproto",
        "rev": "b12c8cae0624d2518ab995c775410694dfa5d50e",
        "type": "github"
      },
      "original": {
        "owner": "cosmos",
        "repo": "gogoproto",
        "rev": "b12c8cae0624d2518ab995c775410694dfa5d50e",
        "type": "github"
      }
    },
    "googleapis": {
      "flake": false,
      "locked": {
        "lastModified": 1681506972,
        "narHash": "sha256-TME4wkdmqrb0Shuc5uFqSGSoDaMhM9YJv9kvTam7c9I=",
        "owner": "googleapis",
        "repo": "googleapis",
        "rev": "6774ccbbc3f182f6ae3a32dca29e1da489ad8a8f",
        "type": "github"
      },
      "original": {
        "owner": "googleapis",
        "repo": "googleapis",
        "rev": "6774ccbbc3f182f6ae3a32dca29e1da489ad8a8f",
        "type": "github"
      }
    },
    "haskell-flake": {
      "locked": {
        "lastModified": 1675296942,
        "narHash": "sha256-u1X1sblozi5qYEcLp1hxcyo8FfDHnRUVX3dJ/tW19jY=",
        "owner": "srid",
        "repo": "haskell-flake",
        "rev": "c2cafce9d57bfca41794dc3b99c593155006c71e",
        "type": "github"
      },
      "original": {
        "owner": "srid",
        "ref": "0.1.0",
        "repo": "haskell-flake",
        "type": "github"
      }
    },
    "ibc-go": {
      "flake": false,
      "locked": {
        "lastModified": 1700058834,
        "narHash": "sha256-vGtOGyoW3qZwMYHmTWzugx/DAxsiUn8upc49hjL0uJg=",
        "owner": "cosmos",
        "repo": "ibc-go",
        "rev": "c98311964dc550b9fe9a5bff8b6dd8e35bf13642",
        "type": "github"
      },
      "original": {
        "owner": "cosmos",
        "repo": "ibc-go",
        "rev": "c98311964dc550b9fe9a5bff8b6dd8e35bf13642",
        "type": "github"
      }
    },
    "ics23": {
      "flake": false,
      "locked": {
        "lastModified": 1707811886,
        "narHash": "sha256-L/7FNPZ7cCTH2KPqeIECDVq6cHPcFi4BvQzqyt7w1EE=",
        "owner": "cosmos",
        "repo": "ics23",
        "rev": "4cf4d617a88b37323ff6ad4fa808c983fa04e4ca",
        "type": "github"
      },
      "original": {
        "owner": "cosmos",
        "repo": "ics23",
        "type": "github"
      }
    },
    "nix-filter": {
      "locked": {
        "lastModified": 1705332318,
        "narHash": "sha256-kcw1yFeJe9N4PjQji9ZeX47jg0p9A0DuU4djKvg1a7I=",
        "owner": "numtide",
        "repo": "nix-filter",
        "rev": "3449dc925982ad46246cfc36469baf66e1b64f17",
        "type": "github"
      },
      "original": {
        "owner": "numtide",
        "repo": "nix-filter",
        "rev": "3449dc925982ad46246cfc36469baf66e1b64f17",
        "type": "github"
      }
    },
    "nixpkgs": {
      "locked": {
        "lastModified": 1714091391,
        "narHash": "sha256-68n3GBvlm1MIeJXadPzQ3v8Y9sIW3zmv8gI5w5sliC8=",
        "owner": "NixOS",
        "repo": "nixpkgs",
        "rev": "4c86138ce486d601d956a165e2f7a0fc029a03c1",
        "type": "github"
      },
      "original": {
        "owner": "NixOS",
        "ref": "nixpkgs-unstable",
        "repo": "nixpkgs",
        "type": "github"
      }
    },
    "nixpkgs-go": {
      "locked": {
        "lastModified": 1707786466,
        "narHash": "sha256-yLPfrmW87M2qt+8bAmwopJawa+MJLh3M9rUbXtpUc1o=",
        "owner": "NixOS",
        "repo": "nixpkgs",
        "rev": "01885a071465e223f8f68971f864b15829988504",
        "type": "github"
      },
      "original": {
        "owner": "NixOS",
        "ref": "nixos-23.11",
        "repo": "nixpkgs",
        "type": "github"
      }
    },
    "nixpkgs-lnav": {
      "locked": {
        "lastModified": 1713467351,
        "narHash": "sha256-9n7OPwpn6Xsj2bUYQJuwLeu9Q/OQwBrBvp5r4a/uTxI=",
        "owner": "cor",
        "repo": "nixpkgs",
        "rev": "f9eb8b6e68cf4eb7336a1d929fabaccd08aa2db9",
        "type": "github"
      },
      "original": {
        "owner": "cor",
        "ref": "lnav-v0.12.2-beta",
        "repo": "nixpkgs",
        "type": "github"
      }
    },
    "nixpkgs-solc": {
      "locked": {
        "lastModified": 1707268954,
        "narHash": "sha256-2en1kvde3cJVc3ZnTy8QeD2oKcseLFjYPLKhIGDanQ0=",
        "owner": "NixOS",
        "repo": "nixpkgs",
        "rev": "f8e2ebd66d097614d51a56a755450d4ae1632df1",
        "type": "github"
      },
      "original": {
        "owner": "NixOS",
        "ref": "nixos-unstable",
        "repo": "nixpkgs",
        "type": "github"
      }
    },
    "nixpkgs-unstable": {
      "locked": {
        "lastModified": 1714253743,
        "narHash": "sha256-mdTQw2XlariysyScCv2tTE45QSU9v/ezLcHJ22f0Nxc=",
        "owner": "NixOS",
        "repo": "nixpkgs",
        "rev": "58a1abdbae3217ca6b702f03d3b35125d88a2994",
        "type": "github"
      },
      "original": {
        "owner": "NixOS",
        "ref": "nixos-unstable",
        "repo": "nixpkgs",
        "type": "github"
      }
    },
    "nixpkgs_2": {
      "locked": {
        "lastModified": 1686501370,
        "narHash": "sha256-G0WuM9fqTPRc2URKP9Lgi5nhZMqsfHGrdEbrLvAPJcg=",
        "owner": "NixOS",
        "repo": "nixpkgs",
        "rev": "75a5ebf473cd60148ba9aec0d219f72e5cf52519",
        "type": "github"
      },
      "original": {
        "owner": "NixOS",
        "repo": "nixpkgs",
        "rev": "75a5ebf473cd60148ba9aec0d219f72e5cf52519",
        "type": "github"
      }
    },
    "nixpkgs_3": {
      "locked": {
        "lastModified": 1701985094,
        "narHash": "sha256-SrEEAeDvsdehVrvoq47pGFZ+p/QbUcTovL84S7tn6Sk=",
        "owner": "NixOS",
        "repo": "nixpkgs",
        "rev": "a24421da00be9ebfdade97135db98a1fac5173d4",
        "type": "github"
      },
      "original": {
        "owner": "NixOS",
        "ref": "release-23.11",
        "repo": "nixpkgs",
        "type": "github"
      }
    },
    "osmosis": {
      "flake": false,
      "locked": {
        "lastModified": 1712018893,
        "narHash": "sha256-u/1/aMEPt78is4G7/pkjttDLb1IGw3jMP2MW518lLkM=",
        "owner": "osmosis-labs",
        "repo": "osmosis",
        "rev": "7892e2f9e9528bc547c54db2b43cd01eda6a9bc4",
        "type": "github"
      },
      "original": {
        "owner": "osmosis-labs",
        "ref": "v24.0.0-rc0",
        "repo": "osmosis",
        "type": "github"
      }
    },
    "process-compose": {
      "inputs": {
        "flake-utils": "flake-utils_2",
        "nixpkgs": "nixpkgs_3"
      },
      "locked": {
        "lastModified": 1712440905,
        "narHash": "sha256-r3BRB7X1G4fvBhlb2VCxjP7tmHDUkH/y8oS4zFdqPX8=",
        "owner": "F1bonacc1",
        "repo": "process-compose",
        "rev": "5a7b83ed8a0f6be58efa9e4940ff41517892eca2",
        "type": "github"
      },
      "original": {
        "owner": "F1bonacc1",
        "repo": "process-compose",
        "type": "github"
      }
    },
    "public-awesome-launchpad": {
      "flake": false,
      "locked": {
        "lastModified": 1712246273,
        "narHash": "sha256-3LosNwpnJPf51Rq3trcMOk8FfVnzPflODOIAd+BGYqU=",
        "owner": "public-awesome",
        "repo": "launchpad",
        "rev": "a14454cd2ee914af5ce10cd4cc94a9b6bfe660f6",
        "type": "github"
      },
      "original": {
        "owner": "public-awesome",
        "repo": "launchpad",
        "rev": "a14454cd2ee914af5ce10cd4cc94a9b6bfe660f6",
        "type": "github"
      }
    },
    "root": {
      "inputs": {
        "arion": "arion",
        "biome": "biome",
        "bls-eth-go": "bls-eth-go",
        "blst": "blst",
        "cometbls": "cometbls",
        "cosmosproto": "cosmosproto",
        "cosmossdk": "cosmossdk",
        "cosmwasm-nfts": "cosmwasm-nfts",
        "crane": "crane",
        "env-utils": "env-utils",
        "ethereum-consensus-specs": "ethereum-consensus-specs",
        "flake-parts": "flake-parts_2",
        "foundry": "foundry",
        "get-flake": "get-flake",
        "gogoproto": "gogoproto",
        "googleapis": "googleapis",
        "ibc-go": "ibc-go",
        "ics23": "ics23",
        "nix-filter": "nix-filter",
        "nixpkgs": "nixpkgs_2",
        "nixpkgs-go": "nixpkgs-go",
        "nixpkgs-lnav": "nixpkgs-lnav",
        "nixpkgs-solc": "nixpkgs-solc",
        "nixpkgs-unstable": "nixpkgs-unstable",
        "osmosis": "osmosis",
        "process-compose": "process-compose",
        "public-awesome-launchpad": "public-awesome-launchpad",
        "rust-overlay": "rust-overlay",
        "stargaze": "stargaze",
        "treefmt-nix": "treefmt-nix",
        "v0_21_0": "v0_21_0",
        "v0_22_0": "v0_22_0",
        "wasmd": "wasmd",
        "wasmvm": "wasmvm",
        "wasmvm-1_5_0": "wasmvm-1_5_0",
        "wasmvm-2_0_1": "wasmvm-2_0_1"
      }
    },
    "rust-overlay": {
      "inputs": {
        "flake-utils": "flake-utils_3",
        "nixpkgs": [
          "nixpkgs"
        ]
      },
      "locked": {
        "lastModified": 1714097613,
        "narHash": "sha256-044xbpBszupqN3nl/CGOCJtTQ4O6Aca81mJpX45i8/I=",
        "owner": "oxalica",
        "repo": "rust-overlay",
        "rev": "2a42c742ab04b61d9b2f1edf392842cf9f27ebfd",
        "type": "github"
      },
      "original": {
        "owner": "oxalica",
        "repo": "rust-overlay",
        "type": "github"
      }
    },
    "stargaze": {
      "flake": false,
      "locked": {
        "lastModified": 1712533498,
        "narHash": "sha256-lt5+KTTieUbel6cBPeyXAVTPYj2u8WWCN3NCBt2lU/0=",
        "ref": "main",
        "rev": "2f2d5332d152d5cd7d89860962017584670d9d1e",
        "revCount": 1569,
        "submodules": true,
        "type": "git",
        "url": "https://github.com/public-awesome/stargaze"
      },
      "original": {
        "ref": "main",
        "submodules": true,
        "type": "git",
        "url": "https://github.com/public-awesome/stargaze"
      }
    },
    "systems": {
      "locked": {
        "lastModified": 1681028828,
        "narHash": "sha256-Vy1rq5AaRuLzOxct8nz4T6wlgyUR7zLU309k9mBC768=",
        "owner": "nix-systems",
        "repo": "default",
        "rev": "da67096a3b9bf56a91d16901293e51ba5b49a27e",
        "type": "github"
      },
      "original": {
        "owner": "nix-systems",
        "repo": "default",
        "type": "github"
      }
    },
    "treefmt-nix": {
      "inputs": {
        "nixpkgs": [
          "nixpkgs-unstable"
        ]
      },
      "locked": {
        "lastModified": 1710436395,
        "narHash": "sha256-+hxio/UwxVzfTOfrCUoFEKLK8kYqQa52V/UL1mqMpNM=",
        "owner": "unionlabs",
        "repo": "treefmt-nix",
        "rev": "0ae706d8cde9c937f0b40d47462d84052f6f2d2f",
        "type": "github"
      },
      "original": {
        "owner": "unionlabs",
        "repo": "treefmt-nix",
        "type": "github"
      }
    },
    "v0_21_0": {
      "flake": false,
      "locked": {
        "lastModified": 1712846288,
        "narHash": "sha256-LCgcWeCvvAUhF9t4pIuDLDJvViTHePHkdfjVajnVXNg=",
        "owner": "unionlabs",
        "repo": "union",
        "rev": "5f00012ec8fd88639368a121ff5261b0c6b5fb32",
        "type": "github"
      },
      "original": {
        "owner": "unionlabs",
        "ref": "release-v0.21.0",
        "repo": "union",
        "type": "github"
      }
    },
    "v0_22_0": {
      "flake": false,
      "locked": {
        "lastModified": 1713888281,
        "narHash": "sha256-HoPmrSgHynY5yEj9JIVluK1kYjvLRACfulh/jNYfPHA=",
        "owner": "unionlabs",
        "repo": "union",
        "rev": "d3cc9edca187fdf859062c79e00c68c745d546af",
        "type": "github"
      },
      "original": {
        "owner": "unionlabs",
        "ref": "release-v0.22.0",
        "repo": "union",
        "type": "github"
      }
    },
    "wasmd": {
      "flake": false,
      "locked": {
        "lastModified": 1713797184,
        "narHash": "sha256-k7c8RdLggeM6hSQhJt0UREY/48T3ZRSSijA+TMFKhUc=",
        "owner": "CosmWasm",
        "repo": "wasmd",
        "rev": "7b418de3f6cf8fbac1e9cb11c57983fcc17264d0",
        "type": "github"
      },
      "original": {
        "owner": "CosmWasm",
        "repo": "wasmd",
        "rev": "7b418de3f6cf8fbac1e9cb11c57983fcc17264d0",
        "type": "github"
      }
    },
    "wasmvm": {
      "flake": false,
      "locked": {
        "lastModified": 1705576719,
        "narHash": "sha256-3KJq5jFllFSqlm85/iRWYMhu99iuokvR3Ib9Gq3gIjc=",
        "owner": "CosmWasm",
        "repo": "wasmvm",
        "rev": "b742b2623cce98f04ae5d8bfb488c73988f3dd61",
        "type": "github"
      },
      "original": {
        "owner": "CosmWasm",
        "ref": "v1.5.2",
        "repo": "wasmvm",
        "type": "github"
      }
    },
    "wasmvm-1_5_0": {
      "flake": false,
      "locked": {
        "lastModified": 1698746477,
        "narHash": "sha256-l0cNF0YjviEl/JLJ4VdvDtIGuAYyFfncVo83ROfQFD8=",
        "owner": "CosmWasm",
        "repo": "wasmvm",
        "rev": "2041b184c146f278157d195361bc6cc6b56cc9d4",
        "type": "github"
      },
      "original": {
        "owner": "CosmWasm",
        "ref": "v1.5.0",
        "repo": "wasmvm",
        "type": "github"
      }
    },
    "wasmvm-2_0_1": {
      "flake": false,
      "locked": {
        "lastModified": 1712246240,
        "narHash": "sha256-LOL8ajolHk85burLvXAMJJBNd3Z/ZYjTbzAQGSZ5luI=",
        "owner": "CosmWasm",
        "repo": "wasmvm",
        "rev": "b003a330ddfd7687a5ca80e639dde09b56cf4221",
        "type": "github"
      },
      "original": {
        "owner": "CosmWasm",
        "ref": "v2.0.1",
        "repo": "wasmvm",
        "type": "github"
      }
    }
  },
  "root": "root",
  "version": 7
}
