{
  "nodes": {
    "arion": {
      "inputs": {
        "flake-parts": "flake-parts",
        "haskell-flake": "haskell-flake",
        "nixpkgs": [
          "nixpkgs"
        ]
      },
      "locked": {
        "lastModified": 1682181677,
        "narHash": "sha256-El8WQ2ccxWwkSrjuwKNR0gD/O7vS/KLBY4Q2/nF8m1c=",
        "owner": "hercules-ci",
        "repo": "arion",
        "rev": "6a1f03329c400327b3b2e0ed5e1efff11037ba67",
        "type": "github"
      },
      "original": {
        "owner": "hercules-ci",
        "repo": "arion",
        "type": "github"
      }
    },
    "blst": {
      "flake": false,
      "locked": {
        "lastModified": 1656163412,
        "narHash": "sha256-xero1aTe2v4IhWIJaEDUsVDOfE77dOV5zKeHWntHogY=",
        "owner": "supranational",
        "repo": "blst",
        "rev": "03b5124029979755c752eec45f3c29674b558446",
        "type": "github"
      },
      "original": {
        "owner": "supranational",
        "repo": "blst",
        "rev": "03b5124029979755c752eec45f3c29674b558446",
        "type": "github"
      }
    },
    "cosmosproto": {
      "flake": false,
      "locked": {
        "lastModified": 1678351217,
        "narHash": "sha256-kFm1ChSmm5pU9oJqKmWq4KfO/hxgxzvcSzr66oTulos=",
        "owner": "cosmos",
        "repo": "cosmos-proto",
        "rev": "78e33f25b874e7639f540037599d8ea1d161a62c",
        "type": "github"
      },
      "original": {
        "owner": "cosmos",
        "repo": "cosmos-proto",
        "rev": "78e33f25b874e7639f540037599d8ea1d161a62c",
        "type": "github"
      }
    },
    "crane": {
      "inputs": {
        "flake-compat": "flake-compat",
        "flake-utils": "flake-utils",
        "nixpkgs": [
          "nixpkgs"
        ],
        "rust-overlay": "rust-overlay"
      },
      "locked": {
        "lastModified": 1692750383,
        "narHash": "sha256-n5P5HOXuu23UB1h9PuayldnRRVQuXJLpoO+xqtMO3ws=",
        "owner": "ipetkov",
        "repo": "crane",
        "rev": "ef5d11e3c2e5b3924eb0309dba2e1fea2d9062ae",
        "type": "github"
      },
      "original": {
        "owner": "ipetkov",
        "repo": "crane",
        "type": "github"
      }
    },
    "flake-compat": {
      "flake": false,
      "locked": {
        "lastModified": 1673956053,
        "narHash": "sha256-4gtG9iQuiKITOjNQQeQIpoIB6b16fm+504Ch3sNKLd8=",
        "owner": "edolstra",
        "repo": "flake-compat",
        "rev": "35bb57c0c8d8b62bbfd284272c928ceb64ddbde9",
        "type": "github"
      },
      "original": {
        "owner": "edolstra",
        "repo": "flake-compat",
        "type": "github"
      }
    },
    "flake-parts": {
      "inputs": {
        "nixpkgs-lib": [
          "arion",
          "nixpkgs"
        ]
      },
      "locked": {
        "lastModified": 1675933616,
        "narHash": "sha256-/rczJkJHtx16IFxMmAWu5nNYcSXNg1YYXTHoGjLrLUA=",
        "owner": "hercules-ci",
        "repo": "flake-parts",
        "rev": "47478a4a003e745402acf63be7f9a092d51b83d7",
        "type": "github"
      },
      "original": {
        "owner": "hercules-ci",
        "repo": "flake-parts",
        "type": "github"
      }
    },
    "flake-parts_2": {
      "inputs": {
        "nixpkgs-lib": [
          "nixpkgs"
        ]
      },
      "locked": {
        "lastModified": 1685662779,
        "narHash": "sha256-cKDDciXGpMEjP1n6HlzKinN0H+oLmNpgeCTzYnsA2po=",
        "owner": "hercules-ci",
        "repo": "flake-parts",
        "rev": "71fb97f0d875fd4de4994dfb849f2c75e17eb6c3",
        "type": "github"
      },
      "original": {
        "owner": "hercules-ci",
        "repo": "flake-parts",
        "type": "github"
      }
    },
    "flake-utils": {
      "inputs": {
        "systems": "systems"
      },
      "locked": {
        "lastModified": 1689068808,
        "narHash": "sha256-6ixXo3wt24N/melDWjq70UuHQLxGV8jZvooRanIHXw0=",
        "owner": "numtide",
        "repo": "flake-utils",
        "rev": "919d646de7be200f3bf08cb76ae1f09402b6f9b4",
        "type": "github"
      },
      "original": {
        "owner": "numtide",
        "repo": "flake-utils",
        "type": "github"
      }
    },
    "flake-utils_2": {
      "locked": {
        "lastModified": 1644229661,
        "narHash": "sha256-1YdnJAsNy69bpcjuoKdOYQX0YxZBiCYZo4Twxerqv7k=",
        "owner": "numtide",
        "repo": "flake-utils",
        "rev": "3cecb5b042f7f209c56ffd8371b2711a290ec797",
        "type": "github"
      },
      "original": {
        "owner": "numtide",
        "repo": "flake-utils",
        "type": "github"
      }
    },
    "flake-utils_3": {
      "inputs": {
        "systems": "systems_2"
      },
      "locked": {
        "lastModified": 1681202837,
        "narHash": "sha256-H+Rh19JDwRtpVPAWp64F+rlEtxUWBAQW28eAi3SRSzg=",
        "owner": "numtide",
        "repo": "flake-utils",
        "rev": "cfacdce06f30d2b68473a46042957675eebb3401",
        "type": "github"
      },
      "original": {
        "owner": "numtide",
        "repo": "flake-utils",
        "type": "github"
      }
    },
    "foundry": {
      "inputs": {
        "flake-utils": "flake-utils_2",
        "nixpkgs": [
          "nixpkgs"
        ]
      },
      "locked": {
        "lastModified": 1691140388,
        "narHash": "sha256-AH3fx2VFGPRSOjnuakab4T4AdUstwTnFTbnkoU4df8Q=",
        "owner": "shazow",
        "repo": "foundry.nix",
        "rev": "6089aad0ef615ac8c7b0c948d6052fa848c99523",
        "type": "github"
      },
      "original": {
        "owner": "shazow",
        "ref": "monthly",
        "repo": "foundry.nix",
        "type": "github"
      }
    },
    "get-flake": {
      "locked": {
        "lastModified": 1673819588,
        "narHash": "sha256-gRtwKAlu4htvS6dxyZnW3n+vMS1acqnMGVHqxUdETeY=",
        "owner": "ursi",
        "repo": "get-flake",
        "rev": "e0917b6f564aa5acefb1484b5baf76da21746c3c",
        "type": "github"
      },
      "original": {
        "owner": "ursi",
        "repo": "get-flake",
        "type": "github"
      }
    },
    "gogoproto": {
      "flake": false,
      "locked": {
        "lastModified": 1680165077,
        "narHash": "sha256-oaGwDFbz/xgL7hDtvdh/mIcRIGBdp+/xuKeuBE2ZpqY=",
        "owner": "cosmos",
        "repo": "gogoproto",
        "rev": "b12c8cae0624d2518ab995c775410694dfa5d50e",
        "type": "github"
      },
      "original": {
        "owner": "cosmos",
        "repo": "gogoproto",
        "rev": "b12c8cae0624d2518ab995c775410694dfa5d50e",
        "type": "github"
      }
    },
    "googleapis": {
      "flake": false,
      "locked": {
        "lastModified": 1681506972,
        "narHash": "sha256-TME4wkdmqrb0Shuc5uFqSGSoDaMhM9YJv9kvTam7c9I=",
        "owner": "googleapis",
        "repo": "googleapis",
        "rev": "6774ccbbc3f182f6ae3a32dca29e1da489ad8a8f",
        "type": "github"
      },
      "original": {
        "owner": "googleapis",
        "repo": "googleapis",
        "rev": "6774ccbbc3f182f6ae3a32dca29e1da489ad8a8f",
        "type": "github"
      }
    },
    "haskell-flake": {
      "locked": {
        "lastModified": 1675296942,
        "narHash": "sha256-u1X1sblozi5qYEcLp1hxcyo8FfDHnRUVX3dJ/tW19jY=",
        "owner": "srid",
        "repo": "haskell-flake",
        "rev": "c2cafce9d57bfca41794dc3b99c593155006c71e",
        "type": "github"
      },
      "original": {
        "owner": "srid",
        "ref": "0.1.0",
        "repo": "haskell-flake",
        "type": "github"
      }
    },
    "ibc-go": {
      "flake": false,
      "locked": {
        "lastModified": 1681504072,
        "narHash": "sha256-e9z9+VxoQkrvWeYzdxHax6L10eQebRjW7GrD5wnaLv8=",
        "owner": "strangelove-ventures",
        "repo": "ibc-go",
        "rev": "f8081a1828e47e11791b036659dd6d0e7be5473b",
        "type": "github"
      },
      "original": {
        "owner": "strangelove-ventures",
        "repo": "ibc-go",
        "rev": "f8081a1828e47e11791b036659dd6d0e7be5473b",
        "type": "github"
      }
    },
    "ics23": {
      "flake": false,
      "locked": {
        "lastModified": 1670407596,
        "narHash": "sha256-O7oZI+29xKAbMHssg5HhxlssedSfejCuzHNHYX7WwBc=",
        "owner": "cosmos",
        "repo": "ics23",
        "rev": "b1abd8678aab07165efd453c96796a179eb3131f",
        "type": "github"
      },
      "original": {
        "owner": "cosmos",
        "repo": "ics23",
        "rev": "b1abd8678aab07165efd453c96796a179eb3131f",
        "type": "github"
      }
    },
    "iohk-nix": {
      "inputs": {
        "blst": "blst",
        "nixpkgs": [
          "nixpkgs"
        ],
        "secp256k1": "secp256k1",
        "sodium": "sodium"
      },
      "locked": {
        "lastModified": 1685727458,
        "narHash": "sha256-c/pkFYCfzpRb6W2OOKE+EOzOlcw+96vwJGGg8Ir9Qfk=",
        "owner": "input-output-hk",
        "repo": "iohk-nix",
        "rev": "02f42375ee5c2bab1640f14c6389b7e91bbfec8b",
        "type": "github"
      },
      "original": {
        "owner": "input-output-hk",
        "repo": "iohk-nix",
        "type": "github"
      }
    },
    "nix-filter": {
      "locked": {
        "lastModified": 1681154353,
        "narHash": "sha256-MCJ5FHOlbfQRFwN0brqPbCunLEVw05D/3sRVoNVt2tI=",
        "owner": "numtide",
        "repo": "nix-filter",
        "rev": "f529f42792ade8e32c4be274af6b6d60857fbee7",
        "type": "github"
      },
      "original": {
        "owner": "numtide",
        "repo": "nix-filter",
        "type": "github"
      }
    },
    "nixpkgs": {
      "locked": {
        "lastModified": 1686501370,
        "narHash": "sha256-G0WuM9fqTPRc2URKP9Lgi5nhZMqsfHGrdEbrLvAPJcg=",
        "owner": "NixOS",
        "repo": "nixpkgs",
        "rev": "75a5ebf473cd60148ba9aec0d219f72e5cf52519",
        "type": "github"
      },
      "original": {
        "owner": "NixOS",
        "ref": "nixos-unstable",
        "repo": "nixpkgs",
        "type": "github"
      }
    },
    "nixpkgs-unstable": {
      "locked": {
        "lastModified": 1695360818,
        "narHash": "sha256-JlkN3R/SSoMTa+CasbxS1gq+GpGxXQlNZRUh9+LIy/0=",
        "owner": "NixOS",
        "repo": "nixpkgs",
        "rev": "e35dcc04a3853da485a396bdd332217d0ac9054f",
        "type": "github"
      },
      "original": {
        "owner": "NixOS",
        "ref": "nixos-unstable",
        "repo": "nixpkgs",
        "type": "github"
      }
    },
    "root": {
      "inputs": {
        "arion": "arion",
        "cosmosproto": "cosmosproto",
        "crane": "crane",
        "flake-parts": "flake-parts_2",
        "foundry": "foundry",
        "get-flake": "get-flake",
        "gogoproto": "gogoproto",
        "googleapis": "googleapis",
        "ibc-go": "ibc-go",
        "ics23": "ics23",
        "iohk-nix": "iohk-nix",
        "nix-filter": "nix-filter",
        "nixpkgs": "nixpkgs",
        "nixpkgs-unstable": "nixpkgs-unstable",
        "rust-overlay": "rust-overlay_2",
        "treefmt-nix": "treefmt-nix",
        "v0_10_0": "v0_10_0",
        "v0_11_0": "v0_11_0",
        "v0_12_0": "v0_12_0",
        "v0_13_0": "v0_13_0",
        "v0_8_0": "v0_8_0",
        "v0_9_0": "v0_9_0"
      }
    },
    "rust-overlay": {
      "inputs": {
        "flake-utils": [
          "crane",
          "flake-utils"
        ],
        "nixpkgs": [
          "crane",
          "nixpkgs"
        ]
      },
      "locked": {
        "lastModified": 1691374719,
        "narHash": "sha256-HCodqnx1Mi2vN4f3hjRPc7+lSQy18vRn8xWW68GeQOg=",
        "owner": "oxalica",
        "repo": "rust-overlay",
        "rev": "b520a3889b24aaf909e287d19d406862ced9ffc9",
        "type": "github"
      },
      "original": {
        "owner": "oxalica",
        "repo": "rust-overlay",
        "type": "github"
      }
    },
    "rust-overlay_2": {
      "inputs": {
        "flake-utils": "flake-utils_3",
        "nixpkgs": [
          "nixpkgs"
        ]
      },
      "locked": {
        "lastModified": 1693015707,
        "narHash": "sha256-SFr93DYn502sVT9nB5U8/cKg1INyEk/jCeq8tHioz7Y=",
        "owner": "oxalica",
        "repo": "rust-overlay",
        "rev": "e90223633068a44f0fb62374e0fa360ccc987292",
        "type": "github"
      },
      "original": {
        "owner": "oxalica",
        "repo": "rust-overlay",
        "type": "github"
      }
    },
    "secp256k1": {
      "flake": false,
      "locked": {
        "lastModified": 1683999695,
        "narHash": "sha256-9nJJVENMXjXEJZzw8DHzin1DkFkF8h9m/c6PuM7Uk4s=",
        "owner": "bitcoin-core",
        "repo": "secp256k1",
        "rev": "acf5c55ae6a94e5ca847e07def40427547876101",
        "type": "github"
      },
      "original": {
        "owner": "bitcoin-core",
        "ref": "v0.3.2",
        "repo": "secp256k1",
        "type": "github"
      }
    },
    "sodium": {
      "flake": false,
      "locked": {
        "lastModified": 1675156279,
        "narHash": "sha256-0uRcN5gvMwO7MCXVYnoqG/OmeBFi8qRVnDWJLnBb9+Y=",
        "owner": "input-output-hk",
        "repo": "libsodium",
        "rev": "dbb48cce5429cb6585c9034f002568964f1ce567",
        "type": "github"
      },
      "original": {
        "owner": "input-output-hk",
        "repo": "libsodium",
        "rev": "dbb48cce5429cb6585c9034f002568964f1ce567",
        "type": "github"
      }
    },
    "systems": {
      "locked": {
        "lastModified": 1681028828,
        "narHash": "sha256-Vy1rq5AaRuLzOxct8nz4T6wlgyUR7zLU309k9mBC768=",
        "owner": "nix-systems",
        "repo": "default",
        "rev": "da67096a3b9bf56a91d16901293e51ba5b49a27e",
        "type": "github"
      },
      "original": {
        "owner": "nix-systems",
        "repo": "default",
        "type": "github"
      }
    },
    "systems_2": {
      "locked": {
        "lastModified": 1681028828,
        "narHash": "sha256-Vy1rq5AaRuLzOxct8nz4T6wlgyUR7zLU309k9mBC768=",
        "owner": "nix-systems",
        "repo": "default",
        "rev": "da67096a3b9bf56a91d16901293e51ba5b49a27e",
        "type": "github"
      },
      "original": {
        "owner": "nix-systems",
        "repo": "default",
        "type": "github"
      }
    },
    "treefmt-nix": {
      "inputs": {
        "nixpkgs": [
          "nixpkgs"
        ]
      },
      "locked": {
        "lastModified": 1686662213,
        "narHash": "sha256-hl+7v7PG8Z3l2boNV0dUpX913mVz/pPO+VkLrh61y/o=",
        "owner": "unionlabs",
        "repo": "treefmt-nix",
        "rev": "41bf2c558cd29903d79efae08f19d8078b76388e",
        "type": "github"
      },
      "original": {
        "owner": "unionlabs",
        "repo": "treefmt-nix",
        "type": "github"
      }
    },
    "v0_10_0": {
      "flake": false,
      "locked": {
        "lastModified": 1694293696,
        "narHash": "sha256-iqQC8KlpZ25PnZGX1DuWHFcr8lJ4SvuV5da6Pv+TgeM=",
        "owner": "unionlabs",
        "repo": "union",
        "rev": "f09f03500298769c1d2416a8a89feaa78dd9c90b",
        "type": "github"
      },
      "original": {
        "owner": "unionlabs",
        "ref": "release-v0.10.1",
        "repo": "union",
        "type": "github"
      }
    },
    "v0_11_0": {
      "flake": false,
      "locked": {
        "lastModified": 1694293885,
        "narHash": "sha256-ExU7pCszV4QJtxzX0aAun2f0UnN/1IPKVuiJHPmUeI0=",
        "owner": "unionlabs",
        "repo": "union",
        "rev": "e80488e56784cbba7aa3ec8eb284ce267940309e",
        "type": "github"
      },
      "original": {
        "owner": "unionlabs",
        "ref": "release-v0.11.0",
        "repo": "union",
        "type": "github"
      }
    },
    "v0_12_0": {
      "flake": false,
      "locked": {
        "lastModified": 1694690167,
        "narHash": "sha256-Bl5iSHF4tObMZcKOFLgwQNuPIN0H7jnApTS2JHYUNdE=",
        "owner": "unionlabs",
        "repo": "union",
        "rev": "eca04d7e62fdd19bc54c1e3b68a37fb147c323f0",
        "type": "github"
      },
      "original": {
        "owner": "unionlabs",
        "ref": "release-v0.12.0",
        "repo": "union",
        "type": "github"
      }
    },
    "v0_13_0": {
      "flake": false,
      "locked": {
        "lastModified": 1695303003,
        "narHash": "sha256-qz40i7QHdjlq2pifCnYMoRu4qg6/cCSFZoTs9FsBVOE=",
        "owner": "unionlabs",
        "repo": "union",
        "rev": "78fc7cdcd253617a7ab643011ef57d6b283d9780",
        "type": "github"
      },
      "original": {
        "owner": "unionlabs",
        "ref": "release-v0.13.0",
        "repo": "union",
        "type": "github"
      }
    },
    "v0_8_0": {
      "flake": false,
      "locked": {
        "lastModified": 1694292789,
        "narHash": "sha256-2HB/XPKe1nxumbRDSuNeCd6bVOy85JHv/Vbs8yDWhWE=",
        "owner": "unionlabs",
        "repo": "union",
        "rev": "eeea7527a143821dc62290170ff8dde71c7d41a1",
        "type": "github"
      },
      "original": {
        "owner": "unionlabs",
        "ref": "release-v0.8.1",
        "repo": "union",
        "type": "github"
      }
    },
    "v0_9_0": {
      "flake": false,
      "locked": {
        "lastModified": 1694293597,
        "narHash": "sha256-cufj6UDTpvOIIhtJn5s1Kgiyru2BueC8GL+MserKaRM=",
        "owner": "unionlabs",
        "repo": "union",
        "rev": "50e905736f407fe7ebcbd5eb98e5e329c633d6a9",
        "type": "github"
      },
      "original": {
        "owner": "unionlabs",
        "ref": "release-v0.9.1",
        "repo": "union",
        "type": "github"
      }
    }
  },
  "root": "root",
  "version": 7
}
