{
  "name": "union",
  "lockfileVersion": 3,
  "requires": true,
  "packages": {
    "": {
      "dependencies": {
        "@splinetool/viewer": "^1.0.76"
      }
    },
    "node_modules/@lit-labs/ssr-dom-shim": {
      "version": "1.2.0",
      "resolved": "https://registry.npmjs.org/@lit-labs/ssr-dom-shim/-/ssr-dom-shim-1.2.0.tgz",
      "integrity": "sha512-yWJKmpGE6lUURKAaIltoPIE/wrbY3TEkqQt+X0m+7fQNnAv0keydnYvbiJFP1PnMhizmIWRWOG5KLhYyc/xl+g=="
    },
    "node_modules/@lit/reactive-element": {
      "version": "1.6.3",
      "resolved": "https://registry.npmjs.org/@lit/reactive-element/-/reactive-element-1.6.3.tgz",
      "integrity": "sha512-QuTgnG52Poic7uM1AN5yJ09QMe0O28e10XzSvWDz02TJiiKee4stsiownEIadWm8nYzyDAyT+gKzUoZmiWQtsQ==",
      "dependencies": {
        "@lit-labs/ssr-dom-shim": "^1.0.0"
      }
    },
    "node_modules/@splinetool/viewer": {
      "version": "1.0.76",
      "resolved": "https://registry.npmjs.org/@splinetool/viewer/-/viewer-1.0.76.tgz",
      "integrity": "sha512-enQaDsQ/Wuxj9zJXjNpcnxrhycPd74IeqU4wgz9yPwl+CGjZgBTmSNONmOxI0cNqDPTKDmywwkpXPvEMk+lp+A==",
      "dependencies": {
        "lit": "^2.2.4"
      }
    },
    "node_modules/@types/trusted-types": {
      "version": "2.0.7",
      "resolved": "https://registry.npmjs.org/@types/trusted-types/-/trusted-types-2.0.7.tgz",
      "integrity": "sha512-ScaPdn1dQczgbl0QFTeTOmVHFULt394XJgOQNoyVhZ6r2vLnMLJfBPd53SB52T/3G36VI1/g2MZaX0cwDuXsfw=="
    },
    "node_modules/lit": {
      "version": "2.8.0",
      "resolved": "https://registry.npmjs.org/lit/-/lit-2.8.0.tgz",
      "integrity": "sha512-4Sc3OFX9QHOJaHbmTMk28SYgVxLN3ePDjg7hofEft2zWlehFL3LiAuapWc4U/kYwMYJSh2hTCPZ6/LIC7ii0MA==",
      "dependencies": {
        "@lit/reactive-element": "^1.6.0",
        "lit-element": "^3.3.0",
        "lit-html": "^2.8.0"
      }
    },
    "node_modules/lit-element": {
      "version": "3.3.3",
      "resolved": "https://registry.npmjs.org/lit-element/-/lit-element-3.3.3.tgz",
      "integrity": "sha512-XbeRxmTHubXENkV4h8RIPyr8lXc+Ff28rkcQzw3G6up2xg5E8Zu1IgOWIwBLEQsu3cOVFqdYwiVi0hv0SlpqUA==",
      "dependencies": {
        "@lit-labs/ssr-dom-shim": "^1.1.0",
        "@lit/reactive-element": "^1.3.0",
        "lit-html": "^2.8.0"
      }
    },
    "node_modules/lit-html": {
      "version": "2.8.0",
      "resolved": "https://registry.npmjs.org/lit-html/-/lit-html-2.8.0.tgz",
      "integrity": "sha512-o9t+MQM3P4y7M7yNzqAyjp7z+mQGa4NS4CxiyLqFPyFWyc4O+nodLrkrxSaCTrla6M5YOLaT3RpbbqjszB5g3Q==",
      "dependencies": {
        "@types/trusted-types": "^2.0.2"
      }
    },
    "site": {
      "version": "0.0.1",
      "extraneous": true,
      "dependencies": {
        "@astrojs/markdown-remark": "^4.3.0",
        "@astrojs/rss": "^4.0.5",
        "@astrojs/sitemap": "^3.1.1",
        "@astrojs/starlight": "^0.21.1",
        "@astrojs/starlight-tailwind": "^2.0.1",
        "@astrojs/svelte": "^5.2.0",
        "@astrojs/tailwind": "^5.1.0",
        "@expressive-code/plugin-collapsible-sections": "^0.33.5",
        "@splinetool/runtime": "^1.0.68",
        "@urql/svelte": "^4.1.0",
        "astro": "^4.5.5",
        "astro-capo": "^0.0.1",
        "astro-font": "^0.0.78",
        "astro-seo": "^0.8.3",
        "echarts": "^5.5.0",
        "graphql": "^16.8.1",
        "mermaid": "^10.9.0",
        "rehype-autolink-headings": "^7.1.0",
        "rehype-katex": "^7.0.0",
        "rehype-mathjax": "^6.0.0",
        "rehype-pretty-code": "^0.13.0",
        "rehype-slug": "^6.0.0",
        "rehype-stringify": "^10.0.0",
        "remark-math": "^6.0.0",
        "remark-smartypants": "^2.1.0",
        "remark-toc": "^9.0.0",
        "sharp": "^0.33.2",
        "shiki": "^1.2.0",
        "slugify": "^1.6.6",
        "smartypants": "^0.2.2",
        "svelte": "^4.2.12"
      },
      "devDependencies": {
        "@astrojs/check": "^0.5.9",
        "@astrojs/language-server": "^2.8.3",
        "@astrojs/ts-plugin": "^1.6.0",
        "@cloudflare/workers-types": "^4.20240314.0",
        "@tailwindcss/aspect-ratio": "^0.4.2",
        "@tailwindcss/container-queries": "^0.1.1",
        "@tailwindcss/typography": "^0.5.10",
        "@total-typescript/ts-reset": "^0.5.1",
        "@types/node": "^20.11.28",
        "autoprefixer": "^10.4.18",
        "postcss": "^8.4.36",
        "starlight-links-validator": "^0.6.0",
        "tailwindcss": "^3.4.1",
        "tailwindcss-animate": "1.0.7",
        "ts-dedent": "^2.2.0",
        "typed-query-selector": "^2.11.2",
        "typescript": "^5.4.2",
        "unist-util-visit": "^5.0.0"
      }
    },
    "typescript-sdk": {
      "name": "@unionlabs/client",
      "version": "0.0.0",
      "extraneous": true,
      "hasInstallScript": true,
      "dependencies": {
        "@cosmjs/cosmwasm-stargate": "0.31.3",
        "@cosmjs/encoding": "0.31.3",
        "@cosmjs/stargate": "0.31.3",
        "@cosmjs/tendermint-rpc": "0.31.3",
        "viem": "^2.7.14"
      },
      "devDependencies": {
        "@arethetypeswrong/cli": "^0.14.1",
        "@cosmjs/amino": "0.31.3",
        "@cosmjs/proto-signing": "0.31.3",
        "@leapwallet/cosmos-snap-provider": "^0.1.25",
        "@total-typescript/ts-reset": "^0.5.1",
        "@types/node": "^20.11.20",
        "bumpp": "^9.3.0",
        "patch-package": "^8.0.0",
        "publint": "^0.2.7",
        "tsup": "^8.0.2",
        "tsx": "^4.7.1",
        "typescript": "^5.3.3",
        "vitest": "^1.3.1"
      },
      "engines": {
        "node": ">=18"
      }
    }
  }
}
