# Code generated by scarb DO NOT EDIT.
version = 1

[[package]]
name = "alexandria_bytes"
version = "0.7.0"
source = "git+https://github.com/aeryz/alexandria?rev=3f914820b8bf6cbb3b41397c6f4005a03fb2acbb#3f914820b8bf6cbb3b41397c6f4005a03fb2acbb"
dependencies = [
 "alexandria_data_structures",
 "alexandria_math",
]

[[package]]
name = "alexandria_data_structures"
version = "0.7.0"
source = "git+https://github.com/aeryz/alexandria?rev=3f914820b8bf6cbb3b41397c6f4005a03fb2acbb#3f914820b8bf6cbb3b41397c6f4005a03fb2acbb"

[[package]]
name = "alexandria_encoding"
version = "0.7.0"
source = "git+https://github.com/aeryz/alexandria?rev=3f914820b8bf6cbb3b41397c6f4005a03fb2acbb#3f914820b8bf6cbb3b41397c6f4005a03fb2acbb"
dependencies = [
 "alexandria_bytes",
 "alexandria_data_structures",
 "alexandria_math",
 "alexandria_numeric",
]

[[package]]
name = "alexandria_evm"
version = "0.7.0"
source = "git+https://github.com/aeryz/alexandria?rev=3f914820b8bf6cbb3b41397c6f4005a03fb2acbb#3f914820b8bf6cbb3b41397c6f4005a03fb2acbb"
dependencies = [
 "alexandria_bytes",
 "alexandria_math",
]

[[package]]
name = "alexandria_math"
version = "0.7.0"
source = "git+https://github.com/aeryz/alexandria?rev=3f914820b8bf6cbb3b41397c6f4005a03fb2acbb#3f914820b8bf6cbb3b41397c6f4005a03fb2acbb"

[[package]]
name = "alexandria_numeric"
version = "0.7.0"
source = "git+https://github.com/aeryz/alexandria?rev=3f914820b8bf6cbb3b41397c6f4005a03fb2acbb#3f914820b8bf6cbb3b41397c6f4005a03fb2acbb"
dependencies = [
 "alexandria_math",
 "alexandria_searching",
]

[[package]]
name = "alexandria_searching"
version = "0.7.0"
source = "git+https://github.com/aeryz/alexandria?rev=3f914820b8bf6cbb3b41397c6f4005a03fb2acbb#3f914820b8bf6cbb3b41397c6f4005a03fb2acbb"
dependencies = [
 "alexandria_data_structures",
]

[[package]]
name = "cometbls_light_client"
version = "0.1.0"
dependencies = [
 "ibc",
 "snforge_std",
]

[[package]]
name = "ibc"
version = "0.1.0"
dependencies = [
 "alexandria_bytes",
 "alexandria_encoding",
 "alexandria_evm",
 "alexandria_math",
 "mock_client",
 "snforge_std",
]

[[package]]
name = "mock_client"
version = "0.1.0"
dependencies = [
 "alexandria_bytes",
 "ibc",
]

[[package]]
name = "openzeppelin"
version = "3.0.0-alpha.3"
source = "git+https://github.com/OpenZeppelin/cairo-contracts?tag=v3.0.0-alpha.3#ba2228ec4070c9a7ac08d2833ebcf6bcf7ff70ac"
dependencies = [
 "openzeppelin_access",
 "openzeppelin_account",
 "openzeppelin_finance",
 "openzeppelin_governance",
 "openzeppelin_interfaces",
 "openzeppelin_introspection",
 "openzeppelin_merkle_tree",
 "openzeppelin_presets",
 "openzeppelin_security",
 "openzeppelin_token",
 "openzeppelin_upgrades",
 "openzeppelin_utils",
]

[[package]]
name = "openzeppelin_access"
version = "3.0.0-alpha.3"
source = "git+https://github.com/OpenZeppelin/cairo-contracts?tag=v3.0.0-alpha.3#ba2228ec4070c9a7ac08d2833ebcf6bcf7ff70ac"
dependencies = [
 "openzeppelin_interfaces",
 "openzeppelin_introspection",
]

[[package]]
name = "openzeppelin_account"
version = "3.0.0-alpha.3"
source = "git+https://github.com/OpenZeppelin/cairo-contracts?tag=v3.0.0-alpha.3#ba2228ec4070c9a7ac08d2833ebcf6bcf7ff70ac"
dependencies = [
 "openzeppelin_interfaces",
 "openzeppelin_introspection",
 "openzeppelin_utils",
]

[[package]]
name = "openzeppelin_finance"
version = "3.0.0-alpha.3"
source = "git+https://github.com/OpenZeppelin/cairo-contracts?tag=v3.0.0-alpha.3#ba2228ec4070c9a7ac08d2833ebcf6bcf7ff70ac"
dependencies = [
 "openzeppelin_access",
 "openzeppelin_interfaces",
 "openzeppelin_token",
]

[[package]]
name = "openzeppelin_governance"
version = "3.0.0-alpha.3"
source = "git+https://github.com/OpenZeppelin/cairo-contracts?tag=v3.0.0-alpha.3#ba2228ec4070c9a7ac08d2833ebcf6bcf7ff70ac"
dependencies = [
 "openzeppelin_access",
 "openzeppelin_interfaces",
 "openzeppelin_introspection",
 "openzeppelin_token",
 "openzeppelin_utils",
]

[[package]]
name = "openzeppelin_interfaces"
version = "2.1.0-alpha.0"
source = "git+https://github.com/OpenZeppelin/cairo-contracts?tag=v3.0.0-alpha.3#ba2228ec4070c9a7ac08d2833ebcf6bcf7ff70ac"

[[package]]
name = "openzeppelin_introspection"
version = "3.0.0-alpha.3"
source = "git+https://github.com/OpenZeppelin/cairo-contracts?tag=v3.0.0-alpha.3#ba2228ec4070c9a7ac08d2833ebcf6bcf7ff70ac"
dependencies = [
 "openzeppelin_interfaces",
]

[[package]]
name = "openzeppelin_merkle_tree"
version = "3.0.0-alpha.3"
source = "git+https://github.com/OpenZeppelin/cairo-contracts?tag=v3.0.0-alpha.3#ba2228ec4070c9a7ac08d2833ebcf6bcf7ff70ac"

[[package]]
name = "openzeppelin_presets"
version = "3.0.0-alpha.3"
source = "git+https://github.com/OpenZeppelin/cairo-contracts?tag=v3.0.0-alpha.3#ba2228ec4070c9a7ac08d2833ebcf6bcf7ff70ac"
dependencies = [
 "openzeppelin_access",
 "openzeppelin_account",
 "openzeppelin_finance",
 "openzeppelin_interfaces",
 "openzeppelin_introspection",
 "openzeppelin_token",
 "openzeppelin_upgrades",
 "openzeppelin_utils",
]

[[package]]
name = "openzeppelin_security"
version = "3.0.0-alpha.3"
source = "git+https://github.com/OpenZeppelin/cairo-contracts?tag=v3.0.0-alpha.3#ba2228ec4070c9a7ac08d2833ebcf6bcf7ff70ac"
dependencies = [
 "openzeppelin_interfaces",
]

[[package]]
name = "openzeppelin_token"
version = "3.0.0-alpha.3"
source = "git+https://github.com/OpenZeppelin/cairo-contracts?tag=v3.0.0-alpha.3#ba2228ec4070c9a7ac08d2833ebcf6bcf7ff70ac"
dependencies = [
 "openzeppelin_access",
 "openzeppelin_interfaces",
 "openzeppelin_introspection",
 "openzeppelin_utils",
]

[[package]]
name = "openzeppelin_upgrades"
version = "3.0.0-alpha.3"
source = "git+https://github.com/OpenZeppelin/cairo-contracts?tag=v3.0.0-alpha.3#ba2228ec4070c9a7ac08d2833ebcf6bcf7ff70ac"

[[package]]
name = "openzeppelin_utils"
version = "2.1.0-alpha.0"
source = "git+https://github.com/OpenZeppelin/cairo-contracts?tag=v3.0.0-alpha.3#ba2228ec4070c9a7ac08d2833ebcf6bcf7ff70ac"
dependencies = [
 "openzeppelin_interfaces",
]

[[package]]
name = "snforge_scarb_plugin"
version = "0.53.0"
source = "registry+https://scarbs.xyz/"
checksum = "sha256:10444a0211c5cf460aba730703a48ed72876f68b283e3741059fc2552ce226db"

[[package]]
name = "snforge_std"
version = "0.53.0"
source = "registry+https://scarbs.xyz/"
checksum = "sha256:85dd728289a4903e0e6f87f9ab9d27350b883e781b238bb117e7ee995e257ee2"
dependencies = [
 "snforge_scarb_plugin",
]

[[package]]
name = "zkgm"
version = "0.1.0"
dependencies = [
 "alexandria_bytes",
 "alexandria_encoding",
 "alexandria_evm",
 "alexandria_math",
 "ibc",
 "openzeppelin",
 "snforge_std",
]
