# Code generated by scarb DO NOT EDIT.
version = 1

[[package]]
name = "cairo"
version = "0.1.0"
dependencies = [
 "snforge_std",
]

[[package]]
name = "snforge_scarb_plugin"
version = "0.49.0"
source = "registry+https://scarbs.xyz/"
checksum = "sha256:903150f0e9542e4277d417029eea4c03af0db398b581f9f7ae3ebbdac9afc657"

[[package]]
name = "snforge_std"
version = "0.49.0"
source = "registry+https://scarbs.xyz/"
checksum = "sha256:73d73653cc4356ec51b92a6bec9d8385b20318170c2f2ade7891e5185a0e7e64"
dependencies = [
 "snforge_scarb_plugin",
]
