# @generated by Move, please check-in and do not edit manually.

[move]
version = 3
manifest_digest = "CA79CECDEE0658279BA97D019DBB1A8269BB40C22950456711ADCABAD491EA5F"
deps_digest = "3C4103934B1E040BB6B23F1D610B4EF9F2F1166A50A104EADCF77467C004C600"
dependencies = [
  { id = "Sui", name = "Sui" },
  { id = "ibc", name = "ibc" },
]

[[move.package]]
id = "MoveStdlib"
source = { git = "https://github.com/MystenLabs/sui.git", rev = "framework/testnet", subdir = "crates/sui-framework/packages/move-stdlib" }

[[move.package]]
id = "Sui"
source = { git = "https://github.com/MystenLabs/sui.git", rev = "framework/testnet", subdir = "crates/sui-framework/packages/sui-framework" }

dependencies = [
  { id = "MoveStdlib", name = "MoveStdlib" },
]

[[move.package]]
id = "ibc"
source = { local = "../sui-ibc" }

dependencies = [
  { id = "Sui", name = "Sui" },
]

[move.toolchain-version]
compiler-version = "1.37.1"
edition = "2024.beta"
flavor = "sui"

[env]

[env.testnet]
chain-id = "4c78adac"
original-published-id = "0xb503cd60596df2bd0ec95995ea33b99577d1faf8802bcbc92884979ee0c71fb5"
latest-published-id = "0xb503cd60596df2bd0ec95995ea33b99577d1faf8802bcbc92884979ee0c71fb5"
published-version = "1"
