# @generated by Move, please check-in and do not edit manually.

[move]
version = 3
manifest_digest = "F7F21554CA7A47E02ABA0D9E0D2FF9783AE9CFE7314243507EF1A02779279568"
deps_digest = "3C4103934B1E040BB6B23F1D610B4EF9F2F1166A50A104EADCF77467C004C600"
dependencies = [
  { id = "Sui", name = "Sui" },
  { id = "ibc", name = "ibc" },
]

[[move.package]]
id = "MoveStdlib"
source = { git = "https://github.com/MystenLabs/sui.git", rev = "framework/testnet", subdir = "crates/sui-framework/packages/move-stdlib" }

[[move.package]]
id = "Sui"
source = { git = "https://github.com/MystenLabs/sui.git", rev = "framework/testnet", subdir = "crates/sui-framework/packages/sui-framework" }

dependencies = [
  { id = "MoveStdlib", name = "MoveStdlib" },
]

[[move.package]]
id = "ibc"
source = { local = "../ibc" }

dependencies = [
  { id = "Sui", name = "Sui" },
]

[move.toolchain-version]
compiler-version = "1.47.0"
edition = "2024.beta"
flavor = "sui"

[env]

[env.testnet]
chain-id = "4c78adac"
original-published-id = "0x5c4676feabfd590210dc65102fb110c20a77f1d640bd615f707e7590fd6a363d"
latest-published-id = "0x5c4676feabfd590210dc65102fb110c20a77f1d640bd615f707e7590fd6a363d"
published-version = "1"
