# Code generated by scarb DO NOT EDIT.
version = 1

[[package]]
name = "snforge_scarb_plugin"
version = "0.53.0"
source = "registry+https://scarbs.xyz/"
checksum = "sha256:10444a0211c5cf460aba730703a48ed72876f68b283e3741059fc2552ce226db"

[[package]]
name = "snforge_std"
version = "0.53.0"
source = "registry+https://scarbs.xyz/"
checksum = "sha256:85dd728289a4903e0e6f87f9ab9d27350b883e781b238bb117e7ee995e257ee2"
dependencies = [
 "snforge_scarb_plugin",
]

[[package]]
name = "starknet_light_client"
version = "0.1.0"
dependencies = [
 "snforge_std",
]
