# @generated by Move, please check-in and do not edit manually.

[move]
version = 3
manifest_digest = "65ADB22F2FF788CB6FF6323B5B793F7DB1E150428F95497CEA468BC90A58C0F0"
deps_digest = "F8BBB0CCB2491CA29A3DF03D6F92277A4F3574266507ACD77214D37ECA3F3082"
dependencies = [
  { id = "Sui", name = "Sui" },
]

[[move.package]]
id = "MoveStdlib"
source = { git = "https://github.com/MystenLabs/sui.git", rev = "framework/testnet", subdir = "crates/sui-framework/packages/move-stdlib" }

[[move.package]]
id = "Sui"
source = { git = "https://github.com/MystenLabs/sui.git", rev = "framework/testnet", subdir = "crates/sui-framework/packages/sui-framework" }

dependencies = [
  { id = "MoveStdlib", name = "MoveStdlib" },
]

[move.toolchain-version]
compiler-version = "1.37.1"
edition = "2024.beta"
flavor = "sui"

[env]

[env.testnet]
chain-id = "4c78adac"
original-published-id = "0xfa188640caa3ea6296b5bd2914ae2d0f7b3a0aa6641c6bae95660fa72ebf9b48"
latest-published-id = "0xfa188640caa3ea6296b5bd2914ae2d0f7b3a0aa6641c6bae95660fa72ebf9b48"
published-version = "1"
